
Microsoft Visual Studio Solution File, Format Version 12.00
# Visual Studio 15
VisualStudioVersion = 15.0.28307.960
MinimumVisualStudioVersion = 10.0.40219.1
Project("{FAE04EC0-301F-11D3-BF4B-00C04F79EFBC}") = "App01_ControleXF.Android", "App01_ControleXF\App01_ControleXF.Android\App01_ControleXF.Android.csproj", "{FE1FCB6D-5BCB-4CE2-80B1-AB632E3B0C72}"
EndProject
Project("{FAE04EC0-301F-11D3-BF4B-00C04F79EFBC}") = "App01_ControleXF.iOS", "App01_ControleXF\App01_ControleXF.iOS\App01_ControleXF.iOS.csproj", "{4F52A781-EE6B-4722-8FF0-CFDDB4EE0960}"
EndProject
Project("{FAE04EC0-301F-11D3-BF4B-00C04F79EFBC}") = "App01_ControleXF.UWP", "App01_ControleXF\App01_ControleXF.UWP\App01_ControleXF.UWP.csproj", "{2E9D2DA0-5CE5-466E-941F-4A234BFA8BEB}"
EndProject
Project("{FAE04EC0-301F-11D3-BF4B-00C04F79EFBC}") = "App01_ControleXF", "App01_ControleXF\App01_ControleXF\App01_ControleXF.csproj", "{231BFAF2-23E4-4177-9F10-D23BF6853F4B}"
EndProject
Global
	GlobalSection(SolutionConfigurationPlatforms) = preSolution
		Ad-Hoc|Any CPU = Ad-Hoc|Any CPU
		Ad-Hoc|ARM = Ad-Hoc|ARM
		Ad-Hoc|iPhone = Ad-Hoc|iPhone
		Ad-Hoc|iPhoneSimulator = Ad-Hoc|iPhoneSimulator
		Ad-Hoc|x64 = Ad-Hoc|x64
		Ad-Hoc|x86 = Ad-Hoc|x86
		AppStore|Any CPU = AppStore|Any CPU
		AppStore|ARM = AppStore|ARM
		AppStore|iPhone = AppStore|iPhone
		AppStore|iPhoneSimulator = AppStore|iPhoneSimulator
		AppStore|x64 = AppStore|x64
		AppStore|x86 = AppStore|x86
		Debug|Any CPU = Debug|Any CPU
		Debug|ARM = Debug|ARM
		Debug|iPhone = Debug|iPhone
		Debug|iPhoneSimulator = Debug|iPhoneSimulator
		Debug|x64 = Debug|x64
		Debug|x86 = Debug|x86
		Release|Any CPU = Release|Any CPU
		Release|ARM = Release|ARM
		Release|iPhone = Release|iPhone
		Release|iPhoneSimulator = Release|iPhoneSimulator
		Release|x64 = Release|x64
		Release|x86 = Release|x86
	EndGlobalSection
	GlobalSection(ProjectConfigurationPlatforms) = postSolution
		{FE1FCB6D-5BCB-4CE2-80B1-AB632E3B0C72}.Ad-Hoc|Any CPU.ActiveCfg = Release|Any CPU
		{FE1FCB6D-5BCB-4CE2-80B1-AB632E3B0C72}.Ad-Hoc|Any CPU.Build.0 = Release|Any CPU
		{FE1FCB6D-5BCB-4CE2-80B1-AB632E3B0C72}.Ad-Hoc|Any CPU.Deploy.0 = Release|Any CPU
		{FE1FCB6D-5BCB-4CE2-80B1-AB632E3B0C72}.Ad-Hoc|ARM.ActiveCfg = Release|Any CPU
		{FE1FCB6D-5BCB-4CE2-80B1-AB632E3B0C72}.Ad-Hoc|ARM.Build.0 = Release|Any CPU
		{FE1FCB6D-5BCB-4CE2-80B1-AB632E3B0C72}.Ad-Hoc|ARM.Deploy.0 = Release|Any CPU
		{FE1FCB6D-5BCB-4CE2-80B1-AB632E3B0C72}.Ad-Hoc|iPhone.ActiveCfg = Release|Any CPU
		{FE1FCB6D-5BCB-4CE2-80B1-AB632E3B0C72}.Ad-Hoc|iPhone.Build.0 = Release|Any CPU
		{FE1FCB6D-5BCB-4CE2-80B1-AB632E3B0C72}.Ad-Hoc|iPhone.Deploy.0 = Release|Any CPU
		{FE1FCB6D-5BCB-4CE2-80B1-AB632E3B0C72}.Ad-Hoc|iPhoneSimulator.ActiveCfg = Release|Any CPU
		{FE1FCB6D-5BCB-4CE2-80B1-AB632E3B0C72}.Ad-Hoc|iPhoneSimulator.Build.0 = Release|Any CPU
		{FE1FCB6D-5BCB-4CE2-80B1-AB632E3B0C72}.Ad-Hoc|iPhoneSimulator.Deploy.0 = Release|Any CPU
		{FE1FCB6D-5BCB-4CE2-80B1-AB632E3B0C72}.Ad-Hoc|x64.ActiveCfg = Release|Any CPU
		{FE1FCB6D-5BCB-4CE2-80B1-AB632E3B0C72}.Ad-Hoc|x64.Build.0 = Release|Any CPU
		{FE1FCB6D-5BCB-4CE2-80B1-AB632E3B0C72}.Ad-Hoc|x64.Deploy.0 = Release|Any CPU
		{FE1FCB6D-5BCB-4CE2-80B1-AB632E3B0C72}.Ad-Hoc|x86.ActiveCfg = Release|Any CPU
		{FE1FCB6D-5BCB-4CE2-80B1-AB632E3B0C72}.Ad-Hoc|x86.Build.0 = Release|Any CPU
		{FE1FCB6D-5BCB-4CE2-80B1-AB632E3B0C72}.Ad-Hoc|x86.Deploy.0 = Release|Any CPU
		{FE1FCB6D-5BCB-4CE2-80B1-AB632E3B0C72}.AppStore|Any CPU.ActiveCfg = Release|Any CPU
		{FE1FCB6D-5BCB-4CE2-80B1-AB632E3B0C72}.AppStore|Any CPU.Build.0 = Release|Any CPU
		{FE1FCB6D-5BCB-4CE2-80B1-AB632E3B0C72}.AppStore|Any CPU.Deploy.0 = Release|Any CPU
		{FE1FCB6D-5BCB-4CE2-80B1-AB632E3B0C72}.AppStore|ARM.ActiveCfg = Release|Any CPU
		{FE1FCB6D-5BCB-4CE2-80B1-AB632E3B0C72}.AppStore|ARM.Build.0 = Release|Any CPU
		{FE1FCB6D-5BCB-4CE2-80B1-AB632E3B0C72}.AppStore|ARM.Deploy.0 = Release|Any CPU
		{FE1FCB6D-5BCB-4CE2-80B1-AB632E3B0C72}.AppStore|iPhone.ActiveCfg = Release|Any CPU
		{FE1FCB6D-5BCB-4CE2-80B1-AB632E3B0C72}.AppStore|iPhone.Build.0 = Release|Any CPU
		{FE1FCB6D-5BCB-4CE2-80B1-AB632E3B0C72}.AppStore|iPhone.Deploy.0 = Release|Any CPU
		{FE1FCB6D-5BCB-4CE2-80B1-AB632E3B0C72}.AppStore|iPhoneSimulator.ActiveCfg = Release|Any CPU
		{FE1FCB6D-5BCB-4CE2-80B1-AB632E3B0C72}.AppStore|iPhoneSimulator.Build.0 = Release|Any CPU
		{FE1FCB6D-5BCB-4CE2-80B1-AB632E3B0C72}.AppStore|iPhoneSimulator.Deploy.0 = Release|Any CPU
		{FE1FCB6D-5BCB-4CE2-80B1-AB632E3B0C72}.AppStore|x64.ActiveCfg = Release|Any CPU
		{FE1FCB6D-5BCB-4CE2-80B1-AB632E3B0C72}.AppStore|x64.Build.0 = Release|Any CPU
		{FE1FCB6D-5BCB-4CE2-80B1-AB632E3B0C72}.AppStore|x64.Deploy.0 = Release|Any CPU
		{FE1FCB6D-5BCB-4CE2-80B1-AB632E3B0C72}.AppStore|x86.ActiveCfg = Release|Any CPU
		{FE1FCB6D-5BCB-4CE2-80B1-AB632E3B0C72}.AppStore|x86.Build.0 = Release|Any CPU
		{FE1FCB6D-5BCB-4CE2-80B1-AB632E3B0C72}.AppStore|x86.Deploy.0 = Release|Any CPU
		{FE1FCB6D-5BCB-4CE2-80B1-AB632E3B0C72}.Debug|Any CPU.ActiveCfg = Debug|Any CPU
		{FE1FCB6D-5BCB-4CE2-80B1-AB632E3B0C72}.Debug|Any CPU.Build.0 = Debug|Any CPU
		{FE1FCB6D-5BCB-4CE2-80B1-AB632E3B0C72}.Debug|Any CPU.Deploy.0 = Debug|Any CPU
		{FE1FCB6D-5BCB-4CE2-80B1-AB632E3B0C72}.Debug|ARM.ActiveCfg = Debug|Any CPU
		{FE1FCB6D-5BCB-4CE2-80B1-AB632E3B0C72}.Debug|ARM.Build.0 = Debug|Any CPU
		{FE1FCB6D-5BCB-4CE2-80B1-AB632E3B0C72}.Debug|ARM.Deploy.0 = Debug|Any CPU
		{FE1FCB6D-5BCB-4CE2-80B1-AB632E3B0C72}.Debug|iPhone.ActiveCfg = Debug|Any CPU
		{FE1FCB6D-5BCB-4CE2-80B1-AB632E3B0C72}.Debug|iPhone.Build.0 = Debug|Any CPU
		{FE1FCB6D-5BCB-4CE2-80B1-AB632E3B0C72}.Debug|iPhone.Deploy.0 = Debug|Any CPU
		{FE1FCB6D-5BCB-4CE2-80B1-AB632E3B0C72}.Debug|iPhoneSimulator.ActiveCfg = Debug|Any CPU
		{FE1FCB6D-5BCB-4CE2-80B1-AB632E3B0C72}.Debug|iPhoneSimulator.Build.0 = Debug|Any CPU
		{FE1FCB6D-5BCB-4CE2-80B1-AB632E3B0C72}.Debug|iPhoneSimulator.Deploy.0 = Debug|Any CPU
		{FE1FCB6D-5BCB-4CE2-80B1-AB632E3B0C72}.Debug|x64.ActiveCfg = Debug|Any CPU
		{FE1FCB6D-5BCB-4CE2-80B1-AB632E3B0C72}.Debug|x64.Build.0 = Debug|Any CPU
		{FE1FCB6D-5BCB-4CE2-80B1-AB632E3B0C72}.Debug|x64.Deploy.0 = Debug|Any CPU
		{FE1FCB6D-5BCB-4CE2-80B1-AB632E3B0C72}.Debug|x86.ActiveCfg = Debug|Any CPU
		{FE1FCB6D-5BCB-4CE2-80B1-AB632E3B0C72}.Debug|x86.Build.0 = Debug|Any CPU
		{FE1FCB6D-5BCB-4CE2-80B1-AB632E3B0C72}.Debug|x86.Deploy.0 = Debug|Any CPU
		{FE1FCB6D-5BCB-4CE2-80B1-AB632E3B0C72}.Release|Any CPU.ActiveCfg = Release|Any CPU
		{FE1FCB6D-5BCB-4CE2-80B1-AB632E3B0C72}.Release|Any CPU.Build.0 = Release|Any CPU
		{FE1FCB6D-5BCB-4CE2-80B1-AB632E3B0C72}.Release|Any CPU.Deploy.0 = Release|Any CPU
		{FE1FCB6D-5BCB-4CE2-80B1-AB632E3B0C72}.Release|ARM.ActiveCfg = Release|Any CPU
		{FE1FCB6D-5BCB-4CE2-80B1-AB632E3B0C72}.Release|ARM.Build.0 = Release|Any CPU
		{FE1FCB6D-5BCB-4CE2-80B1-AB632E3B0C72}.Release|ARM.Deploy.0 = Release|Any CPU
		{FE1FCB6D-5BCB-4CE2-80B1-AB632E3B0C72}.Release|iPhone.ActiveCfg = Release|Any CPU
		{FE1FCB6D-5BCB-4CE2-80B1-AB632E3B0C72}.Release|iPhone.Build.0 = Release|Any CPU
		{FE1FCB6D-5BCB-4CE2-80B1-AB632E3B0C72}.Release|iPhone.Deploy.0 = Release|Any CPU
		{FE1FCB6D-5BCB-4CE2-80B1-AB632E3B0C72}.Release|iPhoneSimulator.ActiveCfg = Release|Any CPU
		{FE1FCB6D-5BCB-4CE2-80B1-AB632E3B0C72}.Release|iPhoneSimulator.Build.0 = Release|Any CPU
		{FE1FCB6D-5BCB-4CE2-80B1-AB632E3B0C72}.Release|iPhoneSimulator.Deploy.0 = Release|Any CPU
		{FE1FCB6D-5BCB-4CE2-80B1-AB632E3B0C72}.Release|x64.ActiveCfg = Release|Any CPU
		{FE1FCB6D-5BCB-4CE2-80B1-AB632E3B0C72}.Release|x64.Build.0 = Release|Any CPU
		{FE1FCB6D-5BCB-4CE2-80B1-AB632E3B0C72}.Release|x64.Deploy.0 = Release|Any CPU
		{FE1FCB6D-5BCB-4CE2-80B1-AB632E3B0C72}.Release|x86.ActiveCfg = Release|Any CPU
		{FE1FCB6D-5BCB-4CE2-80B1-AB632E3B0C72}.Release|x86.Build.0 = Release|Any CPU
		{FE1FCB6D-5BCB-4CE2-80B1-AB632E3B0C72}.Release|x86.Deploy.0 = Release|Any CPU
		{4F52A781-EE6B-4722-8FF0-CFDDB4EE0960}.Ad-Hoc|Any CPU.ActiveCfg = Ad-Hoc|iPhone
		{4F52A781-EE6B-4722-8FF0-CFDDB4EE0960}.Ad-Hoc|Any CPU.Build.0 = Ad-Hoc|iPhone
		{4F52A781-EE6B-4722-8FF0-CFDDB4EE0960}.Ad-Hoc|Any CPU.Deploy.0 = Ad-Hoc|iPhone
		{4F52A781-EE6B-4722-8FF0-CFDDB4EE0960}.Ad-Hoc|ARM.ActiveCfg = Ad-Hoc|iPhone
		{4F52A781-EE6B-4722-8FF0-CFDDB4EE0960}.Ad-Hoc|ARM.Build.0 = Ad-Hoc|iPhone
		{4F52A781-EE6B-4722-8FF0-CFDDB4EE0960}.Ad-Hoc|ARM.Deploy.0 = Ad-Hoc|iPhone
		{4F52A781-EE6B-4722-8FF0-CFDDB4EE0960}.Ad-Hoc|iPhone.ActiveCfg = Ad-Hoc|iPhone
		{4F52A781-EE6B-4722-8FF0-CFDDB4EE0960}.Ad-Hoc|iPhone.Build.0 = Ad-Hoc|iPhone
		{4F52A781-EE6B-4722-8FF0-CFDDB4EE0960}.Ad-Hoc|iPhone.Deploy.0 = Ad-Hoc|iPhone
		{4F52A781-EE6B-4722-8FF0-CFDDB4EE0960}.Ad-Hoc|iPhoneSimulator.ActiveCfg = Ad-Hoc|iPhoneSimulator
		{4F52A781-EE6B-4722-8FF0-CFDDB4EE0960}.Ad-Hoc|iPhoneSimulator.Build.0 = Ad-Hoc|iPhoneSimulator
		{4F52A781-EE6B-4722-8FF0-CFDDB4EE0960}.Ad-Hoc|iPhoneSimulator.Deploy.0 = Ad-Hoc|iPhoneSimulator
		{4F52A781-EE6B-4722-8FF0-CFDDB4EE0960}.Ad-Hoc|x64.ActiveCfg = Ad-Hoc|iPhone
		{4F52A781-EE6B-4722-8FF0-CFDDB4EE0960}.Ad-Hoc|x64.Build.0 = Ad-Hoc|iPhone
		{4F52A781-EE6B-4722-8FF0-CFDDB4EE0960}.Ad-Hoc|x64.Deploy.0 = Ad-Hoc|iPhone
		{4F52A781-EE6B-4722-8FF0-CFDDB4EE0960}.Ad-Hoc|x86.ActiveCfg = Ad-Hoc|iPhone
		{4F52A781-EE6B-4722-8FF0-CFDDB4EE0960}.Ad-Hoc|x86.Build.0 = Ad-Hoc|iPhone
		{4F52A781-EE6B-4722-8FF0-CFDDB4EE0960}.Ad-Hoc|x86.Deploy.0 = Ad-Hoc|iPhone
		{4F52A781-EE6B-4722-8FF0-CFDDB4EE0960}.AppStore|Any CPU.ActiveCfg = AppStore|iPhone
		{4F52A781-EE6B-4722-8FF0-CFDDB4EE0960}.AppStore|Any CPU.Build.0 = AppStore|iPhone
		{4F52A781-EE6B-4722-8FF0-CFDDB4EE0960}.AppStore|Any CPU.Deploy.0 = AppStore|iPhone
		{4F52A781-EE6B-4722-8FF0-CFDDB4EE0960}.AppStore|ARM.ActiveCfg = AppStore|iPhone
		{4F52A781-EE6B-4722-8FF0-CFDDB4EE0960}.AppStore|ARM.Build.0 = AppStore|iPhone
		{4F52A781-EE6B-4722-8FF0-CFDDB4EE0960}.AppStore|ARM.Deploy.0 = AppStore|iPhone
		{4F52A781-EE6B-4722-8FF0-CFDDB4EE0960}.AppStore|iPhone.ActiveCfg = AppStore|iPhone
		{4F52A781-EE6B-4722-8FF0-CFDDB4EE0960}.AppStore|iPhone.Build.0 = AppStore|iPhone
		{4F52A781-EE6B-4722-8FF0-CFDDB4EE0960}.AppStore|iPhone.Deploy.0 = AppStore|iPhone
		{4F52A781-EE6B-4722-8FF0-CFDDB4EE0960}.AppStore|iPhoneSimulator.ActiveCfg = AppStore|iPhoneSimulator
		{4F52A781-EE6B-4722-8FF0-CFDDB4EE0960}.AppStore|iPhoneSimulator.Build.0 = AppStore|iPhoneSimulator
		{4F52A781-EE6B-4722-8FF0-CFDDB4EE0960}.AppStore|iPhoneSimulator.Deploy.0 = AppStore|iPhoneSimulator
		{4F52A781-EE6B-4722-8FF0-CFDDB4EE0960}.AppStore|x64.ActiveCfg = AppStore|iPhone
		{4F52A781-EE6B-4722-8FF0-CFDDB4EE0960}.AppStore|x64.Build.0 = AppStore|iPhone
		{4F52A781-EE6B-4722-8FF0-CFDDB4EE0960}.AppStore|x64.Deploy.0 = AppStore|iPhone
		{4F52A781-EE6B-4722-8FF0-CFDDB4EE0960}.AppStore|x86.ActiveCfg = AppStore|iPhone
		{4F52A781-EE6B-4722-8FF0-CFDDB4EE0960}.AppStore|x86.Build.0 = AppStore|iPhone
		{4F52A781-EE6B-4722-8FF0-CFDDB4EE0960}.AppStore|x86.Deploy.0 = AppStore|iPhone
		{4F52A781-EE6B-4722-8FF0-CFDDB4EE0960}.Debug|Any CPU.ActiveCfg = Debug|iPhoneSimulator
		{4F52A781-EE6B-4722-8FF0-CFDDB4EE0960}.Debug|Any CPU.Build.0 = Debug|iPhoneSimulator
		{4F52A781-EE6B-4722-8FF0-CFDDB4EE0960}.Debug|Any CPU.Deploy.0 = Debug|iPhoneSimulator
		{4F52A781-EE6B-4722-8FF0-CFDDB4EE0960}.Debug|ARM.ActiveCfg = Debug|iPhone
		{4F52A781-EE6B-4722-8FF0-CFDDB4EE0960}.Debug|ARM.Build.0 = Debug|iPhone
		{4F52A781-EE6B-4722-8FF0-CFDDB4EE0960}.Debug|ARM.Deploy.0 = Debug|iPhone
		{4F52A781-EE6B-4722-8FF0-CFDDB4EE0960}.Debug|iPhone.ActiveCfg = Debug|iPhone
		{4F52A781-EE6B-4722-8FF0-CFDDB4EE0960}.Debug|iPhone.Build.0 = Debug|iPhone
		{4F52A781-EE6B-4722-8FF0-CFDDB4EE0960}.Debug|iPhone.Deploy.0 = Debug|iPhone
		{4F52A781-EE6B-4722-8FF0-CFDDB4EE0960}.Debug|iPhoneSimulator.ActiveCfg = Debug|iPhoneSimulator
		{4F52A781-EE6B-4722-8FF0-CFDDB4EE0960}.Debug|iPhoneSimulator.Build.0 = Debug|iPhoneSimulator
		{4F52A781-EE6B-4722-8FF0-CFDDB4EE0960}.Debug|iPhoneSimulator.Deploy.0 = Debug|iPhoneSimulator
		{4F52A781-EE6B-4722-8FF0-CFDDB4EE0960}.Debug|x64.ActiveCfg = Debug|iPhone
		{4F52A781-EE6B-4722-8FF0-CFDDB4EE0960}.Debug|x64.Build.0 = Debug|iPhone
		{4F52A781-EE6B-4722-8FF0-CFDDB4EE0960}.Debug|x64.Deploy.0 = Debug|iPhone
		{4F52A781-EE6B-4722-8FF0-CFDDB4EE0960}.Debug|x86.ActiveCfg = Debug|iPhone
		{4F52A781-EE6B-4722-8FF0-CFDDB4EE0960}.Debug|x86.Build.0 = Debug|iPhone
		{4F52A781-EE6B-4722-8FF0-CFDDB4EE0960}.Debug|x86.Deploy.0 = Debug|iPhone
		{4F52A781-EE6B-4722-8FF0-CFDDB4EE0960}.Release|Any CPU.ActiveCfg = Release|iPhone
		{4F52A781-EE6B-4722-8FF0-CFDDB4EE0960}.Release|Any CPU.Build.0 = Release|iPhone
		{4F52A781-EE6B-4722-8FF0-CFDDB4EE0960}.Release|Any CPU.Deploy.0 = Release|iPhone
		{4F52A781-EE6B-4722-8FF0-CFDDB4EE0960}.Release|ARM.ActiveCfg = Release|iPhone
		{4F52A781-EE6B-4722-8FF0-CFDDB4EE0960}.Release|ARM.Build.0 = Release|iPhone
		{4F52A781-EE6B-4722-8FF0-CFDDB4EE0960}.Release|ARM.Deploy.0 = Release|iPhone
		{4F52A781-EE6B-4722-8FF0-CFDDB4EE0960}.Release|iPhone.ActiveCfg = Release|iPhone
		{4F52A781-EE6B-4722-8FF0-CFDDB4EE0960}.Release|iPhone.Build.0 = Release|iPhone
		{4F52A781-EE6B-4722-8FF0-CFDDB4EE0960}.Release|iPhone.Deploy.0 = Release|iPhone
		{4F52A781-EE6B-4722-8FF0-CFDDB4EE0960}.Release|iPhoneSimulator.ActiveCfg = Release|iPhoneSimulator
		{4F52A781-EE6B-4722-8FF0-CFDDB4EE0960}.Release|iPhoneSimulator.Build.0 = Release|iPhoneSimulator
		{4F52A781-EE6B-4722-8FF0-CFDDB4EE0960}.Release|iPhoneSimulator.Deploy.0 = Release|iPhoneSimulator
		{4F52A781-EE6B-4722-8FF0-CFDDB4EE0960}.Release|x64.ActiveCfg = Release|iPhone
		{4F52A781-EE6B-4722-8FF0-CFDDB4EE0960}.Release|x64.Build.0 = Release|iPhone
		{4F52A781-EE6B-4722-8FF0-CFDDB4EE0960}.Release|x64.Deploy.0 = Release|iPhone
		{4F52A781-EE6B-4722-8FF0-CFDDB4EE0960}.Release|x86.ActiveCfg = Release|iPhone
		{4F52A781-EE6B-4722-8FF0-CFDDB4EE0960}.Release|x86.Build.0 = Release|iPhone
		{4F52A781-EE6B-4722-8FF0-CFDDB4EE0960}.Release|x86.Deploy.0 = Release|iPhone
		{2E9D2DA0-5CE5-466E-941F-4A234BFA8BEB}.Ad-Hoc|Any CPU.ActiveCfg = Release|x86
		{2E9D2DA0-5CE5-466E-941F-4A234BFA8BEB}.Ad-Hoc|Any CPU.Build.0 = Release|x86
		{2E9D2DA0-5CE5-466E-941F-4A234BFA8BEB}.Ad-Hoc|Any CPU.Deploy.0 = Release|x86
		{2E9D2DA0-5CE5-466E-941F-4A234BFA8BEB}.Ad-Hoc|ARM.ActiveCfg = Release|ARM
		{2E9D2DA0-5CE5-466E-941F-4A234BFA8BEB}.Ad-Hoc|ARM.Build.0 = Release|ARM
		{2E9D2DA0-5CE5-466E-941F-4A234BFA8BEB}.Ad-Hoc|ARM.Deploy.0 = Release|ARM
		{2E9D2DA0-5CE5-466E-941F-4A234BFA8BEB}.Ad-Hoc|iPhone.ActiveCfg = Release|x86
		{2E9D2DA0-5CE5-466E-941F-4A234BFA8BEB}.Ad-Hoc|iPhone.Build.0 = Release|x86
		{2E9D2DA0-5CE5-466E-941F-4A234BFA8BEB}.Ad-Hoc|iPhone.Deploy.0 = Release|x86
		{2E9D2DA0-5CE5-466E-941F-4A234BFA8BEB}.Ad-Hoc|iPhoneSimulator.ActiveCfg = Release|x86
		{2E9D2DA0-5CE5-466E-941F-4A234BFA8BEB}.Ad-Hoc|iPhoneSimulator.Build.0 = Release|x86
		{2E9D2DA0-5CE5-466E-941F-4A234BFA8BEB}.Ad-Hoc|iPhoneSimulator.Deploy.0 = Release|x86
		{2E9D2DA0-5CE5-466E-941F-4A234BFA8BEB}.Ad-Hoc|x64.ActiveCfg = Release|x64
		{2E9D2DA0-5CE5-466E-941F-4A234BFA8BEB}.Ad-Hoc|x64.Build.0 = Release|x64
		{2E9D2DA0-5CE5-466E-941F-4A234BFA8BEB}.Ad-Hoc|x64.Deploy.0 = Release|x64
		{2E9D2DA0-5CE5-466E-941F-4A234BFA8BEB}.Ad-Hoc|x86.ActiveCfg = Release|x86
		{2E9D2DA0-5CE5-466E-941F-4A234BFA8BEB}.Ad-Hoc|x86.Build.0 = Release|x86
		{2E9D2DA0-5CE5-466E-941F-4A234BFA8BEB}.Ad-Hoc|x86.Deploy.0 = Release|x86
		{2E9D2DA0-5CE5-466E-941F-4A234BFA8BEB}.AppStore|Any CPU.ActiveCfg = Release|x86
		{2E9D2DA0-5CE5-466E-941F-4A234BFA8BEB}.AppStore|Any CPU.Build.0 = Release|x86
		{2E9D2DA0-5CE5-466E-941F-4A234BFA8BEB}.AppStore|Any CPU.Deploy.0 = Release|x86
		{2E9D2DA0-5CE5-466E-941F-4A234BFA8BEB}.AppStore|ARM.ActiveCfg = Release|ARM
		{2E9D2DA0-5CE5-466E-941F-4A234BFA8BEB}.AppStore|ARM.Build.0 = Release|ARM
		{2E9D2DA0-5CE5-466E-941F-4A234BFA8BEB}.AppStore|ARM.Deploy.0 = Release|ARM
		{2E9D2DA0-5CE5-466E-941F-4A234BFA8BEB}.AppStore|iPhone.ActiveCfg = Release|x86
		{2E9D2DA0-5CE5-466E-941F-4A234BFA8BEB}.AppStore|iPhone.Build.0 = Release|x86
		{2E9D2DA0-5CE5-466E-941F-4A234BFA8BEB}.AppStore|iPhone.Deploy.0 = Release|x86
		{2E9D2DA0-5CE5-466E-941F-4A234BFA8BEB}.AppStore|iPhoneSimulator.ActiveCfg = Release|x86
		{2E9D2DA0-5CE5-466E-941F-4A234BFA8BEB}.AppStore|iPhoneSimulator.Build.0 = Release|x86
		{2E9D2DA0-5CE5-466E-941F-4A234BFA8BEB}.AppStore|iPhoneSimulator.Deploy.0 = Release|x86
		{2E9D2DA0-5CE5-466E-941F-4A234BFA8BEB}.AppStore|x64.ActiveCfg = Release|x64
		{2E9D2DA0-5CE5-466E-941F-4A234BFA8BEB}.AppStore|x64.Build.0 = Release|x64
		{2E9D2DA0-5CE5-466E-941F-4A234BFA8BEB}.AppStore|x64.Deploy.0 = Release|x64
		{2E9D2DA0-5CE5-466E-941F-4A234BFA8BEB}.AppStore|x86.ActiveCfg = Release|x86
		{2E9D2DA0-5CE5-466E-941F-4A234BFA8BEB}.AppStore|x86.Build.0 = Release|x86
		{2E9D2DA0-5CE5-466E-941F-4A234BFA8BEB}.AppStore|x86.Deploy.0 = Release|x86
		{2E9D2DA0-5CE5-466E-941F-4A234BFA8BEB}.Debug|Any CPU.ActiveCfg = Debug|x86
		{2E9D2DA0-5CE5-466E-941F-4A234BFA8BEB}.Debug|Any CPU.Build.0 = Debug|x86
		{2E9D2DA0-5CE5-466E-941F-4A234BFA8BEB}.Debug|Any CPU.Deploy.0 = Debug|x86
		{2E9D2DA0-5CE5-466E-941F-4A234BFA8BEB}.Debug|ARM.ActiveCfg = Debug|ARM
		{2E9D2DA0-5CE5-466E-941F-4A234BFA8BEB}.Debug|ARM.Build.0 = Debug|ARM
		{2E9D2DA0-5CE5-466E-941F-4A234BFA8BEB}.Debug|ARM.Deploy.0 = Debug|ARM
		{2E9D2DA0-5CE5-466E-941F-4A234BFA8BEB}.Debug|iPhone.ActiveCfg = Debug|x86
		{2E9D2DA0-5CE5-466E-941F-4A234BFA8BEB}.Debug|iPhone.Build.0 = Debug|x86
		{2E9D2DA0-5CE5-466E-941F-4A234BFA8BEB}.Debug|iPhone.Deploy.0 = Debug|x86
		{2E9D2DA0-5CE5-466E-941F-4A234BFA8BEB}.Debug|iPhoneSimulator.ActiveCfg = Debug|x86
		{2E9D2DA0-5CE5-466E-941F-4A234BFA8BEB}.Debug|iPhoneSimulator.Build.0 = Debug|x86
		{2E9D2DA0-5CE5-466E-941F-4A234BFA8BEB}.Debug|iPhoneSimulator.Deploy.0 = Debug|x86
		{2E9D2DA0-5CE5-466E-941F-4A234BFA8BEB}.Debug|x64.ActiveCfg = Debug|x64
		{2E9D2DA0-5CE5-466E-941F-4A234BFA8BEB}.Debug|x64.Build.0 = Debug|x64
		{2E9D2DA0-5CE5-466E-941F-4A234BFA8BEB}.Debug|x64.Deploy.0 = Debug|x64
		{2E9D2DA0-5CE5-466E-941F-4A234BFA8BEB}.Debug|x86.ActiveCfg = Debug|x86
		{2E9D2DA0-5CE5-466E-941F-4A234BFA8BEB}.Debug|x86.Build.0 = Debug|x86
		{2E9D2DA0-5CE5-466E-941F-4A234BFA8BEB}.Debug|x86.Deploy.0 = Debug|x86
		{2E9D2DA0-5CE5-466E-941F-4A234BFA8BEB}.Release|Any CPU.ActiveCfg = Release|x86
		{2E9D2DA0-5CE5-466E-941F-4A234BFA8BEB}.Release|Any CPU.Build.0 = Release|x86
		{2E9D2DA0-5CE5-466E-941F-4A234BFA8BEB}.Release|Any CPU.Deploy.0 = Release|x86
		{2E9D2DA0-5CE5-466E-941F-4A234BFA8BEB}.Release|ARM.ActiveCfg = Release|ARM
		{2E9D2DA0-5CE5-466E-941F-4A234BFA8BEB}.Release|ARM.Build.0 = Release|ARM
		{2E9D2DA0-5CE5-466E-941F-4A234BFA8BEB}.Release|ARM.Deploy.0 = Release|ARM
		{2E9D2DA0-5CE5-466E-941F-4A234BFA8BEB}.Release|iPhone.ActiveCfg = Release|x86
		{2E9D2DA0-5CE5-466E-941F-4A234BFA8BEB}.Release|iPhone.Build.0 = Release|x86
		{2E9D2DA0-5CE5-466E-941F-4A234BFA8BEB}.Release|iPhone.Deploy.0 = Release|x86
		{2E9D2DA0-5CE5-466E-941F-4A234BFA8BEB}.Release|iPhoneSimulator.ActiveCfg = Release|x86
		{2E9D2DA0-5CE5-466E-941F-4A234BFA8BEB}.Release|iPhoneSimulator.Build.0 = Release|x86
		{2E9D2DA0-5CE5-466E-941F-4A234BFA8BEB}.Release|iPhoneSimulator.Deploy.0 = Release|x86
		{2E9D2DA0-5CE5-466E-941F-4A234BFA8BEB}.Release|x64.ActiveCfg = Release|x64
		{2E9D2DA0-5CE5-466E-941F-4A234BFA8BEB}.Release|x64.Build.0 = Release|x64
		{2E9D2DA0-5CE5-466E-941F-4A234BFA8BEB}.Release|x64.Deploy.0 = Release|x64
		{2E9D2DA0-5CE5-466E-941F-4A234BFA8BEB}.Release|x86.ActiveCfg = Release|x86
		{2E9D2DA0-5CE5-466E-941F-4A234BFA8BEB}.Release|x86.Build.0 = Release|x86
		{2E9D2DA0-5CE5-466E-941F-4A234BFA8BEB}.Release|x86.Deploy.0 = Release|x86
		{231BFAF2-23E4-4177-9F10-D23BF6853F4B}.Ad-Hoc|Any CPU.ActiveCfg = Debug|Any CPU
		{231BFAF2-23E4-4177-9F10-D23BF6853F4B}.Ad-Hoc|Any CPU.Build.0 = Debug|Any CPU
		{231BFAF2-23E4-4177-9F10-D23BF6853F4B}.Ad-Hoc|Any CPU.Deploy.0 = Debug|Any CPU
		{231BFAF2-23E4-4177-9F10-D23BF6853F4B}.Ad-Hoc|ARM.ActiveCfg = Debug|Any CPU
		{231BFAF2-23E4-4177-9F10-D23BF6853F4B}.Ad-Hoc|ARM.Build.0 = Debug|Any CPU
		{231BFAF2-23E4-4177-9F10-D23BF6853F4B}.Ad-Hoc|ARM.Deploy.0 = Debug|Any CPU
		{231BFAF2-23E4-4177-9F10-D23BF6853F4B}.Ad-Hoc|iPhone.ActiveCfg = Debug|Any CPU
		{231BFAF2-23E4-4177-9F10-D23BF6853F4B}.Ad-Hoc|iPhone.Build.0 = Debug|Any CPU
		{231BFAF2-23E4-4177-9F10-D23BF6853F4B}.Ad-Hoc|iPhone.Deploy.0 = Debug|Any CPU
		{231BFAF2-23E4-4177-9F10-D23BF6853F4B}.Ad-Hoc|iPhoneSimulator.ActiveCfg = Debug|Any CPU
		{231BFAF2-23E4-4177-9F10-D23BF6853F4B}.Ad-Hoc|iPhoneSimulator.Build.0 = Debug|Any CPU
		{231BFAF2-23E4-4177-9F10-D23BF6853F4B}.Ad-Hoc|iPhoneSimulator.Deploy.0 = Debug|Any CPU
		{231BFAF2-23E4-4177-9F10-D23BF6853F4B}.Ad-Hoc|x64.ActiveCfg = Debug|Any CPU
		{231BFAF2-23E4-4177-9F10-D23BF6853F4B}.Ad-Hoc|x64.Build.0 = Debug|Any CPU
		{231BFAF2-23E4-4177-9F10-D23BF6853F4B}.Ad-Hoc|x64.Deploy.0 = Debug|Any CPU
		{231BFAF2-23E4-4177-9F10-D23BF6853F4B}.Ad-Hoc|x86.ActiveCfg = Debug|Any CPU
		{231BFAF2-23E4-4177-9F10-D23BF6853F4B}.Ad-Hoc|x86.Build.0 = Debug|Any CPU
		{231BFAF2-23E4-4177-9F10-D23BF6853F4B}.Ad-Hoc|x86.Deploy.0 = Debug|Any CPU
		{231BFAF2-23E4-4177-9F10-D23BF6853F4B}.AppStore|Any CPU.ActiveCfg = Debug|Any CPU
		{231BFAF2-23E4-4177-9F10-D23BF6853F4B}.AppStore|Any CPU.Build.0 = Debug|Any CPU
		{231BFAF2-23E4-4177-9F10-D23BF6853F4B}.AppStore|Any CPU.Deploy.0 = Debug|Any CPU
		{231BFAF2-23E4-4177-9F10-D23BF6853F4B}.AppStore|ARM.ActiveCfg = Debug|Any CPU
		{231BFAF2-23E4-4177-9F10-D23BF6853F4B}.AppStore|ARM.Build.0 = Debug|Any CPU
		{231BFAF2-23E4-4177-9F10-D23BF6853F4B}.AppStore|ARM.Deploy.0 = Debug|Any CPU
		{231BFAF2-23E4-4177-9F10-D23BF6853F4B}.AppStore|iPhone.ActiveCfg = Debug|Any CPU
		{231BFAF2-23E4-4177-9F10-D23BF6853F4B}.AppStore|iPhone.Build.0 = Debug|Any CPU
		{231BFAF2-23E4-4177-9F10-D23BF6853F4B}.AppStore|iPhone.Deploy.0 = Debug|Any CPU
		{231BFAF2-23E4-4177-9F10-D23BF6853F4B}.AppStore|iPhoneSimulator.ActiveCfg = Debug|Any CPU
		{231BFAF2-23E4-4177-9F10-D23BF6853F4B}.AppStore|iPhoneSimulator.Build.0 = Debug|Any CPU
		{231BFAF2-23E4-4177-9F10-D23BF6853F4B}.AppStore|iPhoneSimulator.Deploy.0 = Debug|Any CPU
		{231BFAF2-23E4-4177-9F10-D23BF6853F4B}.AppStore|x64.ActiveCfg = Debug|Any CPU
		{231BFAF2-23E4-4177-9F10-D23BF6853F4B}.AppStore|x64.Build.0 = Debug|Any CPU
		{231BFAF2-23E4-4177-9F10-D23BF6853F4B}.AppStore|x64.Deploy.0 = Debug|Any CPU
		{231BFAF2-23E4-4177-9F10-D23BF6853F4B}.AppStore|x86.ActiveCfg = Debug|Any CPU
		{231BFAF2-23E4-4177-9F10-D23BF6853F4B}.AppStore|x86.Build.0 = Debug|Any CPU
		{231BFAF2-23E4-4177-9F10-D23BF6853F4B}.AppStore|x86.Deploy.0 = Debug|Any CPU
		{231BFAF2-23E4-4177-9F10-D23BF6853F4B}.Debug|Any CPU.ActiveCfg = Debug|Any CPU
		{231BFAF2-23E4-4177-9F10-D23BF6853F4B}.Debug|Any CPU.Build.0 = Debug|Any CPU
		{231BFAF2-23E4-4177-9F10-D23BF6853F4B}.Debug|Any CPU.Deploy.0 = Debug|Any CPU
		{231BFAF2-23E4-4177-9F10-D23BF6853F4B}.Debug|ARM.ActiveCfg = Debug|Any CPU
		{231BFAF2-23E4-4177-9F10-D23BF6853F4B}.Debug|ARM.Build.0 = Debug|Any CPU
		{231BFAF2-23E4-4177-9F10-D23BF6853F4B}.Debug|ARM.Deploy.0 = Debug|Any CPU
		{231BFAF2-23E4-4177-9F10-D23BF6853F4B}.Debug|iPhone.ActiveCfg = Debug|Any CPU
		{231BFAF2-23E4-4177-9F10-D23BF6853F4B}.Debug|iPhone.Build.0 = Debug|Any CPU
		{231BFAF2-23E4-4177-9F10-D23BF6853F4B}.Debug|iPhone.Deploy.0 = Debug|Any CPU
		{231BFAF2-23E4-4177-9F10-D23BF6853F4B}.Debug|iPhoneSimulator.ActiveCfg = Debug|Any CPU
		{231BFAF2-23E4-4177-9F10-D23BF6853F4B}.Debug|iPhoneSimulator.Build.0 = Debug|Any CPU
		{231BFAF2-23E4-4177-9F10-D23BF6853F4B}.Debug|iPhoneSimulator.Deploy.0 = Debug|Any CPU
		{231BFAF2-23E4-4177-9F10-D23BF6853F4B}.Debug|x64.ActiveCfg = Debug|Any CPU
		{231BFAF2-23E4-4177-9F10-D23BF6853F4B}.Debug|x64.Build.0 = Debug|Any CPU
		{231BFAF2-23E4-4177-9F10-D23BF6853F4B}.Debug|x64.Deploy.0 = Debug|Any CPU
		{231BFAF2-23E4-4177-9F10-D23BF6853F4B}.Debug|x86.ActiveCfg = Debug|Any CPU
		{231BFAF2-23E4-4177-9F10-D23BF6853F4B}.Debug|x86.Build.0 = Debug|Any CPU
		{231BFAF2-23E4-4177-9F10-D23BF6853F4B}.Debug|x86.Deploy.0 = Debug|Any CPU
		{231BFAF2-23E4-4177-9F10-D23BF6853F4B}.Release|Any CPU.ActiveCfg = Release|Any CPU
		{231BFAF2-23E4-4177-9F10-D23BF6853F4B}.Release|Any CPU.Build.0 = Release|Any CPU
		{231BFAF2-23E4-4177-9F10-D23BF6853F4B}.Release|Any CPU.Deploy.0 = Release|Any CPU
		{231BFAF2-23E4-4177-9F10-D23BF6853F4B}.Release|ARM.ActiveCfg = Release|Any CPU
		{231BFAF2-23E4-4177-9F10-D23BF6853F4B}.Release|ARM.Build.0 = Release|Any CPU
		{231BFAF2-23E4-4177-9F10-D23BF6853F4B}.Release|ARM.Deploy.0 = Release|Any CPU
		{231BFAF2-23E4-4177-9F10-D23BF6853F4B}.Release|iPhone.ActiveCfg = Release|Any CPU
		{231BFAF2-23E4-4177-9F10-D23BF6853F4B}.Release|iPhone.Build.0 = Release|Any CPU
		{231BFAF2-23E4-4177-9F10-D23BF6853F4B}.Release|iPhone.Deploy.0 = Release|Any CPU
		{231BFAF2-23E4-4177-9F10-D23BF6853F4B}.Release|iPhoneSimulator.ActiveCfg = Release|Any CPU
		{231BFAF2-23E4-4177-9F10-D23BF6853F4B}.Release|iPhoneSimulator.Build.0 = Release|Any CPU
		{231BFAF2-23E4-4177-9F10-D23BF6853F4B}.Release|iPhoneSimulator.Deploy.0 = Release|Any CPU
		{231BFAF2-23E4-4177-9F10-D23BF6853F4B}.Release|x64.ActiveCfg = Release|Any CPU
		{231BFAF2-23E4-4177-9F10-D23BF6853F4B}.Release|x64.Build.0 = Release|Any CPU
		{231BFAF2-23E4-4177-9F10-D23BF6853F4B}.Release|x64.Deploy.0 = Release|Any CPU
		{231BFAF2-23E4-4177-9F10-D23BF6853F4B}.Release|x86.ActiveCfg = Release|Any CPU
		{231BFAF2-23E4-4177-9F10-D23BF6853F4B}.Release|x86.Build.0 = Release|Any CPU
		{231BFAF2-23E4-4177-9F10-D23BF6853F4B}.Release|x86.Deploy.0 = Release|Any CPU
	EndGlobalSection
	GlobalSection(SolutionProperties) = preSolution
		HideSolutionNode = FALSE
	EndGlobalSection
	GlobalSection(ExtensibilityGlobals) = postSolution
		SolutionGuid = {695BED90-7D8A-4B29-8DF3-D61DB4AD7546}
	EndGlobalSection
EndGlobal
