
Microsoft Visual Studio Solution File, Format Version 12.00
# Visual Studio 15
VisualStudioVersion = 15.0.28307.960
MinimumVisualStudioVersion = 10.0.40219.1
Project("{FAE04EC0-301F-11D3-BF4B-00C04F79EFBC}") = "App1_Estilo.Android", "App1_Estilo\App1_Estilo.Android\App1_Estilo.Android.csproj", "{AA9B1A7D-F5E7-4B3D-8685-3C2E2A1C5B90}"
EndProject
Project("{FAE04EC0-301F-11D3-BF4B-00C04F79EFBC}") = "App1_Estilo.iOS", "App1_Estilo\App1_Estilo.iOS\App1_Estilo.iOS.csproj", "{7CC72B2F-056A-462F-A1A5-DB092454259A}"
EndProject
Project("{FAE04EC0-301F-11D3-BF4B-00C04F79EFBC}") = "App1_Estilo.UWP", "App1_Estilo\App1_Estilo.UWP\App1_Estilo.UWP.csproj", "{85578A55-5EEE-4AC2-AFD0-713AD838DF37}"
EndProject
Project("{FAE04EC0-301F-11D3-BF4B-00C04F79EFBC}") = "App1_Estilo", "App1_Estilo\App1_Estilo\App1_Estilo.csproj", "{FA8A636A-9CBF-4116-967A-081B0CDBCCC0}"
EndProject
Global
	GlobalSection(SolutionConfigurationPlatforms) = preSolution
		Ad-Hoc|Any CPU = Ad-Hoc|Any CPU
		Ad-Hoc|ARM = Ad-Hoc|ARM
		Ad-Hoc|iPhone = Ad-Hoc|iPhone
		Ad-Hoc|iPhoneSimulator = Ad-Hoc|iPhoneSimulator
		Ad-Hoc|x64 = Ad-Hoc|x64
		Ad-Hoc|x86 = Ad-Hoc|x86
		AppStore|Any CPU = AppStore|Any CPU
		AppStore|ARM = AppStore|ARM
		AppStore|iPhone = AppStore|iPhone
		AppStore|iPhoneSimulator = AppStore|iPhoneSimulator
		AppStore|x64 = AppStore|x64
		AppStore|x86 = AppStore|x86
		Debug|Any CPU = Debug|Any CPU
		Debug|ARM = Debug|ARM
		Debug|iPhone = Debug|iPhone
		Debug|iPhoneSimulator = Debug|iPhoneSimulator
		Debug|x64 = Debug|x64
		Debug|x86 = Debug|x86
		Release|Any CPU = Release|Any CPU
		Release|ARM = Release|ARM
		Release|iPhone = Release|iPhone
		Release|iPhoneSimulator = Release|iPhoneSimulator
		Release|x64 = Release|x64
		Release|x86 = Release|x86
	EndGlobalSection
	GlobalSection(ProjectConfigurationPlatforms) = postSolution
		{AA9B1A7D-F5E7-4B3D-8685-3C2E2A1C5B90}.Ad-Hoc|Any CPU.ActiveCfg = Release|Any CPU
		{AA9B1A7D-F5E7-4B3D-8685-3C2E2A1C5B90}.Ad-Hoc|Any CPU.Build.0 = Release|Any CPU
		{AA9B1A7D-F5E7-4B3D-8685-3C2E2A1C5B90}.Ad-Hoc|Any CPU.Deploy.0 = Release|Any CPU
		{AA9B1A7D-F5E7-4B3D-8685-3C2E2A1C5B90}.Ad-Hoc|ARM.ActiveCfg = Release|Any CPU
		{AA9B1A7D-F5E7-4B3D-8685-3C2E2A1C5B90}.Ad-Hoc|ARM.Build.0 = Release|Any CPU
		{AA9B1A7D-F5E7-4B3D-8685-3C2E2A1C5B90}.Ad-Hoc|ARM.Deploy.0 = Release|Any CPU
		{AA9B1A7D-F5E7-4B3D-8685-3C2E2A1C5B90}.Ad-Hoc|iPhone.ActiveCfg = Release|Any CPU
		{AA9B1A7D-F5E7-4B3D-8685-3C2E2A1C5B90}.Ad-Hoc|iPhone.Build.0 = Release|Any CPU
		{AA9B1A7D-F5E7-4B3D-8685-3C2E2A1C5B90}.Ad-Hoc|iPhone.Deploy.0 = Release|Any CPU
		{AA9B1A7D-F5E7-4B3D-8685-3C2E2A1C5B90}.Ad-Hoc|iPhoneSimulator.ActiveCfg = Release|Any CPU
		{AA9B1A7D-F5E7-4B3D-8685-3C2E2A1C5B90}.Ad-Hoc|iPhoneSimulator.Build.0 = Release|Any CPU
		{AA9B1A7D-F5E7-4B3D-8685-3C2E2A1C5B90}.Ad-Hoc|iPhoneSimulator.Deploy.0 = Release|Any CPU
		{AA9B1A7D-F5E7-4B3D-8685-3C2E2A1C5B90}.Ad-Hoc|x64.ActiveCfg = Release|Any CPU
		{AA9B1A7D-F5E7-4B3D-8685-3C2E2A1C5B90}.Ad-Hoc|x64.Build.0 = Release|Any CPU
		{AA9B1A7D-F5E7-4B3D-8685-3C2E2A1C5B90}.Ad-Hoc|x64.Deploy.0 = Release|Any CPU
		{AA9B1A7D-F5E7-4B3D-8685-3C2E2A1C5B90}.Ad-Hoc|x86.ActiveCfg = Release|Any CPU
		{AA9B1A7D-F5E7-4B3D-8685-3C2E2A1C5B90}.Ad-Hoc|x86.Build.0 = Release|Any CPU
		{AA9B1A7D-F5E7-4B3D-8685-3C2E2A1C5B90}.Ad-Hoc|x86.Deploy.0 = Release|Any CPU
		{AA9B1A7D-F5E7-4B3D-8685-3C2E2A1C5B90}.AppStore|Any CPU.ActiveCfg = Release|Any CPU
		{AA9B1A7D-F5E7-4B3D-8685-3C2E2A1C5B90}.AppStore|Any CPU.Build.0 = Release|Any CPU
		{AA9B1A7D-F5E7-4B3D-8685-3C2E2A1C5B90}.AppStore|Any CPU.Deploy.0 = Release|Any CPU
		{AA9B1A7D-F5E7-4B3D-8685-3C2E2A1C5B90}.AppStore|ARM.ActiveCfg = Release|Any CPU
		{AA9B1A7D-F5E7-4B3D-8685-3C2E2A1C5B90}.AppStore|ARM.Build.0 = Release|Any CPU
		{AA9B1A7D-F5E7-4B3D-8685-3C2E2A1C5B90}.AppStore|ARM.Deploy.0 = Release|Any CPU
		{AA9B1A7D-F5E7-4B3D-8685-3C2E2A1C5B90}.AppStore|iPhone.ActiveCfg = Release|Any CPU
		{AA9B1A7D-F5E7-4B3D-8685-3C2E2A1C5B90}.AppStore|iPhone.Build.0 = Release|Any CPU
		{AA9B1A7D-F5E7-4B3D-8685-3C2E2A1C5B90}.AppStore|iPhone.Deploy.0 = Release|Any CPU
		{AA9B1A7D-F5E7-4B3D-8685-3C2E2A1C5B90}.AppStore|iPhoneSimulator.ActiveCfg = Release|Any CPU
		{AA9B1A7D-F5E7-4B3D-8685-3C2E2A1C5B90}.AppStore|iPhoneSimulator.Build.0 = Release|Any CPU
		{AA9B1A7D-F5E7-4B3D-8685-3C2E2A1C5B90}.AppStore|iPhoneSimulator.Deploy.0 = Release|Any CPU
		{AA9B1A7D-F5E7-4B3D-8685-3C2E2A1C5B90}.AppStore|x64.ActiveCfg = Release|Any CPU
		{AA9B1A7D-F5E7-4B3D-8685-3C2E2A1C5B90}.AppStore|x64.Build.0 = Release|Any CPU
		{AA9B1A7D-F5E7-4B3D-8685-3C2E2A1C5B90}.AppStore|x64.Deploy.0 = Release|Any CPU
		{AA9B1A7D-F5E7-4B3D-8685-3C2E2A1C5B90}.AppStore|x86.ActiveCfg = Release|Any CPU
		{AA9B1A7D-F5E7-4B3D-8685-3C2E2A1C5B90}.AppStore|x86.Build.0 = Release|Any CPU
		{AA9B1A7D-F5E7-4B3D-8685-3C2E2A1C5B90}.AppStore|x86.Deploy.0 = Release|Any CPU
		{AA9B1A7D-F5E7-4B3D-8685-3C2E2A1C5B90}.Debug|Any CPU.ActiveCfg = Debug|Any CPU
		{AA9B1A7D-F5E7-4B3D-8685-3C2E2A1C5B90}.Debug|Any CPU.Build.0 = Debug|Any CPU
		{AA9B1A7D-F5E7-4B3D-8685-3C2E2A1C5B90}.Debug|Any CPU.Deploy.0 = Debug|Any CPU
		{AA9B1A7D-F5E7-4B3D-8685-3C2E2A1C5B90}.Debug|ARM.ActiveCfg = Debug|Any CPU
		{AA9B1A7D-F5E7-4B3D-8685-3C2E2A1C5B90}.Debug|ARM.Build.0 = Debug|Any CPU
		{AA9B1A7D-F5E7-4B3D-8685-3C2E2A1C5B90}.Debug|ARM.Deploy.0 = Debug|Any CPU
		{AA9B1A7D-F5E7-4B3D-8685-3C2E2A1C5B90}.Debug|iPhone.ActiveCfg = Debug|Any CPU
		{AA9B1A7D-F5E7-4B3D-8685-3C2E2A1C5B90}.Debug|iPhone.Build.0 = Debug|Any CPU
		{AA9B1A7D-F5E7-4B3D-8685-3C2E2A1C5B90}.Debug|iPhone.Deploy.0 = Debug|Any CPU
		{AA9B1A7D-F5E7-4B3D-8685-3C2E2A1C5B90}.Debug|iPhoneSimulator.ActiveCfg = Debug|Any CPU
		{AA9B1A7D-F5E7-4B3D-8685-3C2E2A1C5B90}.Debug|iPhoneSimulator.Build.0 = Debug|Any CPU
		{AA9B1A7D-F5E7-4B3D-8685-3C2E2A1C5B90}.Debug|iPhoneSimulator.Deploy.0 = Debug|Any CPU
		{AA9B1A7D-F5E7-4B3D-8685-3C2E2A1C5B90}.Debug|x64.ActiveCfg = Debug|Any CPU
		{AA9B1A7D-F5E7-4B3D-8685-3C2E2A1C5B90}.Debug|x64.Build.0 = Debug|Any CPU
		{AA9B1A7D-F5E7-4B3D-8685-3C2E2A1C5B90}.Debug|x64.Deploy.0 = Debug|Any CPU
		{AA9B1A7D-F5E7-4B3D-8685-3C2E2A1C5B90}.Debug|x86.ActiveCfg = Debug|Any CPU
		{AA9B1A7D-F5E7-4B3D-8685-3C2E2A1C5B90}.Debug|x86.Build.0 = Debug|Any CPU
		{AA9B1A7D-F5E7-4B3D-8685-3C2E2A1C5B90}.Debug|x86.Deploy.0 = Debug|Any CPU
		{AA9B1A7D-F5E7-4B3D-8685-3C2E2A1C5B90}.Release|Any CPU.ActiveCfg = Release|Any CPU
		{AA9B1A7D-F5E7-4B3D-8685-3C2E2A1C5B90}.Release|Any CPU.Build.0 = Release|Any CPU
		{AA9B1A7D-F5E7-4B3D-8685-3C2E2A1C5B90}.Release|Any CPU.Deploy.0 = Release|Any CPU
		{AA9B1A7D-F5E7-4B3D-8685-3C2E2A1C5B90}.Release|ARM.ActiveCfg = Release|Any CPU
		{AA9B1A7D-F5E7-4B3D-8685-3C2E2A1C5B90}.Release|ARM.Build.0 = Release|Any CPU
		{AA9B1A7D-F5E7-4B3D-8685-3C2E2A1C5B90}.Release|ARM.Deploy.0 = Release|Any CPU
		{AA9B1A7D-F5E7-4B3D-8685-3C2E2A1C5B90}.Release|iPhone.ActiveCfg = Release|Any CPU
		{AA9B1A7D-F5E7-4B3D-8685-3C2E2A1C5B90}.Release|iPhone.Build.0 = Release|Any CPU
		{AA9B1A7D-F5E7-4B3D-8685-3C2E2A1C5B90}.Release|iPhone.Deploy.0 = Release|Any CPU
		{AA9B1A7D-F5E7-4B3D-8685-3C2E2A1C5B90}.Release|iPhoneSimulator.ActiveCfg = Release|Any CPU
		{AA9B1A7D-F5E7-4B3D-8685-3C2E2A1C5B90}.Release|iPhoneSimulator.Build.0 = Release|Any CPU
		{AA9B1A7D-F5E7-4B3D-8685-3C2E2A1C5B90}.Release|iPhoneSimulator.Deploy.0 = Release|Any CPU
		{AA9B1A7D-F5E7-4B3D-8685-3C2E2A1C5B90}.Release|x64.ActiveCfg = Release|Any CPU
		{AA9B1A7D-F5E7-4B3D-8685-3C2E2A1C5B90}.Release|x64.Build.0 = Release|Any CPU
		{AA9B1A7D-F5E7-4B3D-8685-3C2E2A1C5B90}.Release|x64.Deploy.0 = Release|Any CPU
		{AA9B1A7D-F5E7-4B3D-8685-3C2E2A1C5B90}.Release|x86.ActiveCfg = Release|Any CPU
		{AA9B1A7D-F5E7-4B3D-8685-3C2E2A1C5B90}.Release|x86.Build.0 = Release|Any CPU
		{AA9B1A7D-F5E7-4B3D-8685-3C2E2A1C5B90}.Release|x86.Deploy.0 = Release|Any CPU
		{7CC72B2F-056A-462F-A1A5-DB092454259A}.Ad-Hoc|Any CPU.ActiveCfg = Ad-Hoc|iPhone
		{7CC72B2F-056A-462F-A1A5-DB092454259A}.Ad-Hoc|Any CPU.Build.0 = Ad-Hoc|iPhone
		{7CC72B2F-056A-462F-A1A5-DB092454259A}.Ad-Hoc|Any CPU.Deploy.0 = Ad-Hoc|iPhone
		{7CC72B2F-056A-462F-A1A5-DB092454259A}.Ad-Hoc|ARM.ActiveCfg = Ad-Hoc|iPhone
		{7CC72B2F-056A-462F-A1A5-DB092454259A}.Ad-Hoc|ARM.Build.0 = Ad-Hoc|iPhone
		{7CC72B2F-056A-462F-A1A5-DB092454259A}.Ad-Hoc|ARM.Deploy.0 = Ad-Hoc|iPhone
		{7CC72B2F-056A-462F-A1A5-DB092454259A}.Ad-Hoc|iPhone.ActiveCfg = Ad-Hoc|iPhone
		{7CC72B2F-056A-462F-A1A5-DB092454259A}.Ad-Hoc|iPhone.Build.0 = Ad-Hoc|iPhone
		{7CC72B2F-056A-462F-A1A5-DB092454259A}.Ad-Hoc|iPhone.Deploy.0 = Ad-Hoc|iPhone
		{7CC72B2F-056A-462F-A1A5-DB092454259A}.Ad-Hoc|iPhoneSimulator.ActiveCfg = Ad-Hoc|iPhoneSimulator
		{7CC72B2F-056A-462F-A1A5-DB092454259A}.Ad-Hoc|iPhoneSimulator.Build.0 = Ad-Hoc|iPhoneSimulator
		{7CC72B2F-056A-462F-A1A5-DB092454259A}.Ad-Hoc|iPhoneSimulator.Deploy.0 = Ad-Hoc|iPhoneSimulator
		{7CC72B2F-056A-462F-A1A5-DB092454259A}.Ad-Hoc|x64.ActiveCfg = Ad-Hoc|iPhone
		{7CC72B2F-056A-462F-A1A5-DB092454259A}.Ad-Hoc|x64.Build.0 = Ad-Hoc|iPhone
		{7CC72B2F-056A-462F-A1A5-DB092454259A}.Ad-Hoc|x64.Deploy.0 = Ad-Hoc|iPhone
		{7CC72B2F-056A-462F-A1A5-DB092454259A}.Ad-Hoc|x86.ActiveCfg = Ad-Hoc|iPhone
		{7CC72B2F-056A-462F-A1A5-DB092454259A}.Ad-Hoc|x86.Build.0 = Ad-Hoc|iPhone
		{7CC72B2F-056A-462F-A1A5-DB092454259A}.Ad-Hoc|x86.Deploy.0 = Ad-Hoc|iPhone
		{7CC72B2F-056A-462F-A1A5-DB092454259A}.AppStore|Any CPU.ActiveCfg = AppStore|iPhone
		{7CC72B2F-056A-462F-A1A5-DB092454259A}.AppStore|Any CPU.Build.0 = AppStore|iPhone
		{7CC72B2F-056A-462F-A1A5-DB092454259A}.AppStore|Any CPU.Deploy.0 = AppStore|iPhone
		{7CC72B2F-056A-462F-A1A5-DB092454259A}.AppStore|ARM.ActiveCfg = AppStore|iPhone
		{7CC72B2F-056A-462F-A1A5-DB092454259A}.AppStore|ARM.Build.0 = AppStore|iPhone
		{7CC72B2F-056A-462F-A1A5-DB092454259A}.AppStore|ARM.Deploy.0 = AppStore|iPhone
		{7CC72B2F-056A-462F-A1A5-DB092454259A}.AppStore|iPhone.ActiveCfg = AppStore|iPhone
		{7CC72B2F-056A-462F-A1A5-DB092454259A}.AppStore|iPhone.Build.0 = AppStore|iPhone
		{7CC72B2F-056A-462F-A1A5-DB092454259A}.AppStore|iPhone.Deploy.0 = AppStore|iPhone
		{7CC72B2F-056A-462F-A1A5-DB092454259A}.AppStore|iPhoneSimulator.ActiveCfg = AppStore|iPhoneSimulator
		{7CC72B2F-056A-462F-A1A5-DB092454259A}.AppStore|iPhoneSimulator.Build.0 = AppStore|iPhoneSimulator
		{7CC72B2F-056A-462F-A1A5-DB092454259A}.AppStore|iPhoneSimulator.Deploy.0 = AppStore|iPhoneSimulator
		{7CC72B2F-056A-462F-A1A5-DB092454259A}.AppStore|x64.ActiveCfg = AppStore|iPhone
		{7CC72B2F-056A-462F-A1A5-DB092454259A}.AppStore|x64.Build.0 = AppStore|iPhone
		{7CC72B2F-056A-462F-A1A5-DB092454259A}.AppStore|x64.Deploy.0 = AppStore|iPhone
		{7CC72B2F-056A-462F-A1A5-DB092454259A}.AppStore|x86.ActiveCfg = AppStore|iPhone
		{7CC72B2F-056A-462F-A1A5-DB092454259A}.AppStore|x86.Build.0 = AppStore|iPhone
		{7CC72B2F-056A-462F-A1A5-DB092454259A}.AppStore|x86.Deploy.0 = AppStore|iPhone
		{7CC72B2F-056A-462F-A1A5-DB092454259A}.Debug|Any CPU.ActiveCfg = Debug|iPhoneSimulator
		{7CC72B2F-056A-462F-A1A5-DB092454259A}.Debug|Any CPU.Build.0 = Debug|iPhoneSimulator
		{7CC72B2F-056A-462F-A1A5-DB092454259A}.Debug|Any CPU.Deploy.0 = Debug|iPhoneSimulator
		{7CC72B2F-056A-462F-A1A5-DB092454259A}.Debug|ARM.ActiveCfg = Debug|iPhone
		{7CC72B2F-056A-462F-A1A5-DB092454259A}.Debug|ARM.Build.0 = Debug|iPhone
		{7CC72B2F-056A-462F-A1A5-DB092454259A}.Debug|ARM.Deploy.0 = Debug|iPhone
		{7CC72B2F-056A-462F-A1A5-DB092454259A}.Debug|iPhone.ActiveCfg = Debug|iPhone
		{7CC72B2F-056A-462F-A1A5-DB092454259A}.Debug|iPhone.Build.0 = Debug|iPhone
		{7CC72B2F-056A-462F-A1A5-DB092454259A}.Debug|iPhone.Deploy.0 = Debug|iPhone
		{7CC72B2F-056A-462F-A1A5-DB092454259A}.Debug|iPhoneSimulator.ActiveCfg = Debug|iPhoneSimulator
		{7CC72B2F-056A-462F-A1A5-DB092454259A}.Debug|iPhoneSimulator.Build.0 = Debug|iPhoneSimulator
		{7CC72B2F-056A-462F-A1A5-DB092454259A}.Debug|iPhoneSimulator.Deploy.0 = Debug|iPhoneSimulator
		{7CC72B2F-056A-462F-A1A5-DB092454259A}.Debug|x64.ActiveCfg = Debug|iPhone
		{7CC72B2F-056A-462F-A1A5-DB092454259A}.Debug|x64.Build.0 = Debug|iPhone
		{7CC72B2F-056A-462F-A1A5-DB092454259A}.Debug|x64.Deploy.0 = Debug|iPhone
		{7CC72B2F-056A-462F-A1A5-DB092454259A}.Debug|x86.ActiveCfg = Debug|iPhone
		{7CC72B2F-056A-462F-A1A5-DB092454259A}.Debug|x86.Build.0 = Debug|iPhone
		{7CC72B2F-056A-462F-A1A5-DB092454259A}.Debug|x86.Deploy.0 = Debug|iPhone
		{7CC72B2F-056A-462F-A1A5-DB092454259A}.Release|Any CPU.ActiveCfg = Release|iPhone
		{7CC72B2F-056A-462F-A1A5-DB092454259A}.Release|Any CPU.Build.0 = Release|iPhone
		{7CC72B2F-056A-462F-A1A5-DB092454259A}.Release|Any CPU.Deploy.0 = Release|iPhone
		{7CC72B2F-056A-462F-A1A5-DB092454259A}.Release|ARM.ActiveCfg = Release|iPhone
		{7CC72B2F-056A-462F-A1A5-DB092454259A}.Release|ARM.Build.0 = Release|iPhone
		{7CC72B2F-056A-462F-A1A5-DB092454259A}.Release|ARM.Deploy.0 = Release|iPhone
		{7CC72B2F-056A-462F-A1A5-DB092454259A}.Release|iPhone.ActiveCfg = Release|iPhone
		{7CC72B2F-056A-462F-A1A5-DB092454259A}.Release|iPhone.Build.0 = Release|iPhone
		{7CC72B2F-056A-462F-A1A5-DB092454259A}.Release|iPhone.Deploy.0 = Release|iPhone
		{7CC72B2F-056A-462F-A1A5-DB092454259A}.Release|iPhoneSimulator.ActiveCfg = Release|iPhoneSimulator
		{7CC72B2F-056A-462F-A1A5-DB092454259A}.Release|iPhoneSimulator.Build.0 = Release|iPhoneSimulator
		{7CC72B2F-056A-462F-A1A5-DB092454259A}.Release|iPhoneSimulator.Deploy.0 = Release|iPhoneSimulator
		{7CC72B2F-056A-462F-A1A5-DB092454259A}.Release|x64.ActiveCfg = Release|iPhone
		{7CC72B2F-056A-462F-A1A5-DB092454259A}.Release|x64.Build.0 = Release|iPhone
		{7CC72B2F-056A-462F-A1A5-DB092454259A}.Release|x64.Deploy.0 = Release|iPhone
		{7CC72B2F-056A-462F-A1A5-DB092454259A}.Release|x86.ActiveCfg = Release|iPhone
		{7CC72B2F-056A-462F-A1A5-DB092454259A}.Release|x86.Build.0 = Release|iPhone
		{7CC72B2F-056A-462F-A1A5-DB092454259A}.Release|x86.Deploy.0 = Release|iPhone
		{85578A55-5EEE-4AC2-AFD0-713AD838DF37}.Ad-Hoc|Any CPU.ActiveCfg = Release|x86
		{85578A55-5EEE-4AC2-AFD0-713AD838DF37}.Ad-Hoc|Any CPU.Build.0 = Release|x86
		{85578A55-5EEE-4AC2-AFD0-713AD838DF37}.Ad-Hoc|Any CPU.Deploy.0 = Release|x86
		{85578A55-5EEE-4AC2-AFD0-713AD838DF37}.Ad-Hoc|ARM.ActiveCfg = Release|ARM
		{85578A55-5EEE-4AC2-AFD0-713AD838DF37}.Ad-Hoc|ARM.Build.0 = Release|ARM
		{85578A55-5EEE-4AC2-AFD0-713AD838DF37}.Ad-Hoc|ARM.Deploy.0 = Release|ARM
		{85578A55-5EEE-4AC2-AFD0-713AD838DF37}.Ad-Hoc|iPhone.ActiveCfg = Release|x86
		{85578A55-5EEE-4AC2-AFD0-713AD838DF37}.Ad-Hoc|iPhone.Build.0 = Release|x86
		{85578A55-5EEE-4AC2-AFD0-713AD838DF37}.Ad-Hoc|iPhone.Deploy.0 = Release|x86
		{85578A55-5EEE-4AC2-AFD0-713AD838DF37}.Ad-Hoc|iPhoneSimulator.ActiveCfg = Release|x86
		{85578A55-5EEE-4AC2-AFD0-713AD838DF37}.Ad-Hoc|iPhoneSimulator.Build.0 = Release|x86
		{85578A55-5EEE-4AC2-AFD0-713AD838DF37}.Ad-Hoc|iPhoneSimulator.Deploy.0 = Release|x86
		{85578A55-5EEE-4AC2-AFD0-713AD838DF37}.Ad-Hoc|x64.ActiveCfg = Release|x64
		{85578A55-5EEE-4AC2-AFD0-713AD838DF37}.Ad-Hoc|x64.Build.0 = Release|x64
		{85578A55-5EEE-4AC2-AFD0-713AD838DF37}.Ad-Hoc|x64.Deploy.0 = Release|x64
		{85578A55-5EEE-4AC2-AFD0-713AD838DF37}.Ad-Hoc|x86.ActiveCfg = Release|x86
		{85578A55-5EEE-4AC2-AFD0-713AD838DF37}.Ad-Hoc|x86.Build.0 = Release|x86
		{85578A55-5EEE-4AC2-AFD0-713AD838DF37}.Ad-Hoc|x86.Deploy.0 = Release|x86
		{85578A55-5EEE-4AC2-AFD0-713AD838DF37}.AppStore|Any CPU.ActiveCfg = Release|x86
		{85578A55-5EEE-4AC2-AFD0-713AD838DF37}.AppStore|Any CPU.Build.0 = Release|x86
		{85578A55-5EEE-4AC2-AFD0-713AD838DF37}.AppStore|Any CPU.Deploy.0 = Release|x86
		{85578A55-5EEE-4AC2-AFD0-713AD838DF37}.AppStore|ARM.ActiveCfg = Release|ARM
		{85578A55-5EEE-4AC2-AFD0-713AD838DF37}.AppStore|ARM.Build.0 = Release|ARM
		{85578A55-5EEE-4AC2-AFD0-713AD838DF37}.AppStore|ARM.Deploy.0 = Release|ARM
		{85578A55-5EEE-4AC2-AFD0-713AD838DF37}.AppStore|iPhone.ActiveCfg = Release|x86
		{85578A55-5EEE-4AC2-AFD0-713AD838DF37}.AppStore|iPhone.Build.0 = Release|x86
		{85578A55-5EEE-4AC2-AFD0-713AD838DF37}.AppStore|iPhone.Deploy.0 = Release|x86
		{85578A55-5EEE-4AC2-AFD0-713AD838DF37}.AppStore|iPhoneSimulator.ActiveCfg = Release|x86
		{85578A55-5EEE-4AC2-AFD0-713AD838DF37}.AppStore|iPhoneSimulator.Build.0 = Release|x86
		{85578A55-5EEE-4AC2-AFD0-713AD838DF37}.AppStore|iPhoneSimulator.Deploy.0 = Release|x86
		{85578A55-5EEE-4AC2-AFD0-713AD838DF37}.AppStore|x64.ActiveCfg = Release|x64
		{85578A55-5EEE-4AC2-AFD0-713AD838DF37}.AppStore|x64.Build.0 = Release|x64
		{85578A55-5EEE-4AC2-AFD0-713AD838DF37}.AppStore|x64.Deploy.0 = Release|x64
		{85578A55-5EEE-4AC2-AFD0-713AD838DF37}.AppStore|x86.ActiveCfg = Release|x86
		{85578A55-5EEE-4AC2-AFD0-713AD838DF37}.AppStore|x86.Build.0 = Release|x86
		{85578A55-5EEE-4AC2-AFD0-713AD838DF37}.AppStore|x86.Deploy.0 = Release|x86
		{85578A55-5EEE-4AC2-AFD0-713AD838DF37}.Debug|Any CPU.ActiveCfg = Debug|x86
		{85578A55-5EEE-4AC2-AFD0-713AD838DF37}.Debug|Any CPU.Build.0 = Debug|x86
		{85578A55-5EEE-4AC2-AFD0-713AD838DF37}.Debug|Any CPU.Deploy.0 = Debug|x86
		{85578A55-5EEE-4AC2-AFD0-713AD838DF37}.Debug|ARM.ActiveCfg = Debug|ARM
		{85578A55-5EEE-4AC2-AFD0-713AD838DF37}.Debug|ARM.Build.0 = Debug|ARM
		{85578A55-5EEE-4AC2-AFD0-713AD838DF37}.Debug|ARM.Deploy.0 = Debug|ARM
		{85578A55-5EEE-4AC2-AFD0-713AD838DF37}.Debug|iPhone.ActiveCfg = Debug|x86
		{85578A55-5EEE-4AC2-AFD0-713AD838DF37}.Debug|iPhone.Build.0 = Debug|x86
		{85578A55-5EEE-4AC2-AFD0-713AD838DF37}.Debug|iPhone.Deploy.0 = Debug|x86
		{85578A55-5EEE-4AC2-AFD0-713AD838DF37}.Debug|iPhoneSimulator.ActiveCfg = Debug|x86
		{85578A55-5EEE-4AC2-AFD0-713AD838DF37}.Debug|iPhoneSimulator.Build.0 = Debug|x86
		{85578A55-5EEE-4AC2-AFD0-713AD838DF37}.Debug|iPhoneSimulator.Deploy.0 = Debug|x86
		{85578A55-5EEE-4AC2-AFD0-713AD838DF37}.Debug|x64.ActiveCfg = Debug|x64
		{85578A55-5EEE-4AC2-AFD0-713AD838DF37}.Debug|x64.Build.0 = Debug|x64
		{85578A55-5EEE-4AC2-AFD0-713AD838DF37}.Debug|x64.Deploy.0 = Debug|x64
		{85578A55-5EEE-4AC2-AFD0-713AD838DF37}.Debug|x86.ActiveCfg = Debug|x86
		{85578A55-5EEE-4AC2-AFD0-713AD838DF37}.Debug|x86.Build.0 = Debug|x86
		{85578A55-5EEE-4AC2-AFD0-713AD838DF37}.Debug|x86.Deploy.0 = Debug|x86
		{85578A55-5EEE-4AC2-AFD0-713AD838DF37}.Release|Any CPU.ActiveCfg = Release|x86
		{85578A55-5EEE-4AC2-AFD0-713AD838DF37}.Release|Any CPU.Build.0 = Release|x86
		{85578A55-5EEE-4AC2-AFD0-713AD838DF37}.Release|Any CPU.Deploy.0 = Release|x86
		{85578A55-5EEE-4AC2-AFD0-713AD838DF37}.Release|ARM.ActiveCfg = Release|ARM
		{85578A55-5EEE-4AC2-AFD0-713AD838DF37}.Release|ARM.Build.0 = Release|ARM
		{85578A55-5EEE-4AC2-AFD0-713AD838DF37}.Release|ARM.Deploy.0 = Release|ARM
		{85578A55-5EEE-4AC2-AFD0-713AD838DF37}.Release|iPhone.ActiveCfg = Release|x86
		{85578A55-5EEE-4AC2-AFD0-713AD838DF37}.Release|iPhone.Build.0 = Release|x86
		{85578A55-5EEE-4AC2-AFD0-713AD838DF37}.Release|iPhone.Deploy.0 = Release|x86
		{85578A55-5EEE-4AC2-AFD0-713AD838DF37}.Release|iPhoneSimulator.ActiveCfg = Release|x86
		{85578A55-5EEE-4AC2-AFD0-713AD838DF37}.Release|iPhoneSimulator.Build.0 = Release|x86
		{85578A55-5EEE-4AC2-AFD0-713AD838DF37}.Release|iPhoneSimulator.Deploy.0 = Release|x86
		{85578A55-5EEE-4AC2-AFD0-713AD838DF37}.Release|x64.ActiveCfg = Release|x64
		{85578A55-5EEE-4AC2-AFD0-713AD838DF37}.Release|x64.Build.0 = Release|x64
		{85578A55-5EEE-4AC2-AFD0-713AD838DF37}.Release|x64.Deploy.0 = Release|x64
		{85578A55-5EEE-4AC2-AFD0-713AD838DF37}.Release|x86.ActiveCfg = Release|x86
		{85578A55-5EEE-4AC2-AFD0-713AD838DF37}.Release|x86.Build.0 = Release|x86
		{85578A55-5EEE-4AC2-AFD0-713AD838DF37}.Release|x86.Deploy.0 = Release|x86
		{FA8A636A-9CBF-4116-967A-081B0CDBCCC0}.Ad-Hoc|Any CPU.ActiveCfg = Debug|Any CPU
		{FA8A636A-9CBF-4116-967A-081B0CDBCCC0}.Ad-Hoc|Any CPU.Build.0 = Debug|Any CPU
		{FA8A636A-9CBF-4116-967A-081B0CDBCCC0}.Ad-Hoc|Any CPU.Deploy.0 = Debug|Any CPU
		{FA8A636A-9CBF-4116-967A-081B0CDBCCC0}.Ad-Hoc|ARM.ActiveCfg = Debug|Any CPU
		{FA8A636A-9CBF-4116-967A-081B0CDBCCC0}.Ad-Hoc|ARM.Build.0 = Debug|Any CPU
		{FA8A636A-9CBF-4116-967A-081B0CDBCCC0}.Ad-Hoc|ARM.Deploy.0 = Debug|Any CPU
		{FA8A636A-9CBF-4116-967A-081B0CDBCCC0}.Ad-Hoc|iPhone.ActiveCfg = Debug|Any CPU
		{FA8A636A-9CBF-4116-967A-081B0CDBCCC0}.Ad-Hoc|iPhone.Build.0 = Debug|Any CPU
		{FA8A636A-9CBF-4116-967A-081B0CDBCCC0}.Ad-Hoc|iPhone.Deploy.0 = Debug|Any CPU
		{FA8A636A-9CBF-4116-967A-081B0CDBCCC0}.Ad-Hoc|iPhoneSimulator.ActiveCfg = Debug|Any CPU
		{FA8A636A-9CBF-4116-967A-081B0CDBCCC0}.Ad-Hoc|iPhoneSimulator.Build.0 = Debug|Any CPU
		{FA8A636A-9CBF-4116-967A-081B0CDBCCC0}.Ad-Hoc|iPhoneSimulator.Deploy.0 = Debug|Any CPU
		{FA8A636A-9CBF-4116-967A-081B0CDBCCC0}.Ad-Hoc|x64.ActiveCfg = Debug|Any CPU
		{FA8A636A-9CBF-4116-967A-081B0CDBCCC0}.Ad-Hoc|x64.Build.0 = Debug|Any CPU
		{FA8A636A-9CBF-4116-967A-081B0CDBCCC0}.Ad-Hoc|x64.Deploy.0 = Debug|Any CPU
		{FA8A636A-9CBF-4116-967A-081B0CDBCCC0}.Ad-Hoc|x86.ActiveCfg = Debug|Any CPU
		{FA8A636A-9CBF-4116-967A-081B0CDBCCC0}.Ad-Hoc|x86.Build.0 = Debug|Any CPU
		{FA8A636A-9CBF-4116-967A-081B0CDBCCC0}.Ad-Hoc|x86.Deploy.0 = Debug|Any CPU
		{FA8A636A-9CBF-4116-967A-081B0CDBCCC0}.AppStore|Any CPU.ActiveCfg = Debug|Any CPU
		{FA8A636A-9CBF-4116-967A-081B0CDBCCC0}.AppStore|Any CPU.Build.0 = Debug|Any CPU
		{FA8A636A-9CBF-4116-967A-081B0CDBCCC0}.AppStore|Any CPU.Deploy.0 = Debug|Any CPU
		{FA8A636A-9CBF-4116-967A-081B0CDBCCC0}.AppStore|ARM.ActiveCfg = Debug|Any CPU
		{FA8A636A-9CBF-4116-967A-081B0CDBCCC0}.AppStore|ARM.Build.0 = Debug|Any CPU
		{FA8A636A-9CBF-4116-967A-081B0CDBCCC0}.AppStore|ARM.Deploy.0 = Debug|Any CPU
		{FA8A636A-9CBF-4116-967A-081B0CDBCCC0}.AppStore|iPhone.ActiveCfg = Debug|Any CPU
		{FA8A636A-9CBF-4116-967A-081B0CDBCCC0}.AppStore|iPhone.Build.0 = Debug|Any CPU
		{FA8A636A-9CBF-4116-967A-081B0CDBCCC0}.AppStore|iPhone.Deploy.0 = Debug|Any CPU
		{FA8A636A-9CBF-4116-967A-081B0CDBCCC0}.AppStore|iPhoneSimulator.ActiveCfg = Debug|Any CPU
		{FA8A636A-9CBF-4116-967A-081B0CDBCCC0}.AppStore|iPhoneSimulator.Build.0 = Debug|Any CPU
		{FA8A636A-9CBF-4116-967A-081B0CDBCCC0}.AppStore|iPhoneSimulator.Deploy.0 = Debug|Any CPU
		{FA8A636A-9CBF-4116-967A-081B0CDBCCC0}.AppStore|x64.ActiveCfg = Debug|Any CPU
		{FA8A636A-9CBF-4116-967A-081B0CDBCCC0}.AppStore|x64.Build.0 = Debug|Any CPU
		{FA8A636A-9CBF-4116-967A-081B0CDBCCC0}.AppStore|x64.Deploy.0 = Debug|Any CPU
		{FA8A636A-9CBF-4116-967A-081B0CDBCCC0}.AppStore|x86.ActiveCfg = Debug|Any CPU
		{FA8A636A-9CBF-4116-967A-081B0CDBCCC0}.AppStore|x86.Build.0 = Debug|Any CPU
		{FA8A636A-9CBF-4116-967A-081B0CDBCCC0}.AppStore|x86.Deploy.0 = Debug|Any CPU
		{FA8A636A-9CBF-4116-967A-081B0CDBCCC0}.Debug|Any CPU.ActiveCfg = Debug|Any CPU
		{FA8A636A-9CBF-4116-967A-081B0CDBCCC0}.Debug|Any CPU.Build.0 = Debug|Any CPU
		{FA8A636A-9CBF-4116-967A-081B0CDBCCC0}.Debug|Any CPU.Deploy.0 = Debug|Any CPU
		{FA8A636A-9CBF-4116-967A-081B0CDBCCC0}.Debug|ARM.ActiveCfg = Debug|Any CPU
		{FA8A636A-9CBF-4116-967A-081B0CDBCCC0}.Debug|ARM.Build.0 = Debug|Any CPU
		{FA8A636A-9CBF-4116-967A-081B0CDBCCC0}.Debug|ARM.Deploy.0 = Debug|Any CPU
		{FA8A636A-9CBF-4116-967A-081B0CDBCCC0}.Debug|iPhone.ActiveCfg = Debug|Any CPU
		{FA8A636A-9CBF-4116-967A-081B0CDBCCC0}.Debug|iPhone.Build.0 = Debug|Any CPU
		{FA8A636A-9CBF-4116-967A-081B0CDBCCC0}.Debug|iPhone.Deploy.0 = Debug|Any CPU
		{FA8A636A-9CBF-4116-967A-081B0CDBCCC0}.Debug|iPhoneSimulator.ActiveCfg = Debug|Any CPU
		{FA8A636A-9CBF-4116-967A-081B0CDBCCC0}.Debug|iPhoneSimulator.Build.0 = Debug|Any CPU
		{FA8A636A-9CBF-4116-967A-081B0CDBCCC0}.Debug|iPhoneSimulator.Deploy.0 = Debug|Any CPU
		{FA8A636A-9CBF-4116-967A-081B0CDBCCC0}.Debug|x64.ActiveCfg = Debug|Any CPU
		{FA8A636A-9CBF-4116-967A-081B0CDBCCC0}.Debug|x64.Build.0 = Debug|Any CPU
		{FA8A636A-9CBF-4116-967A-081B0CDBCCC0}.Debug|x64.Deploy.0 = Debug|Any CPU
		{FA8A636A-9CBF-4116-967A-081B0CDBCCC0}.Debug|x86.ActiveCfg = Debug|Any CPU
		{FA8A636A-9CBF-4116-967A-081B0CDBCCC0}.Debug|x86.Build.0 = Debug|Any CPU
		{FA8A636A-9CBF-4116-967A-081B0CDBCCC0}.Debug|x86.Deploy.0 = Debug|Any CPU
		{FA8A636A-9CBF-4116-967A-081B0CDBCCC0}.Release|Any CPU.ActiveCfg = Release|Any CPU
		{FA8A636A-9CBF-4116-967A-081B0CDBCCC0}.Release|Any CPU.Build.0 = Release|Any CPU
		{FA8A636A-9CBF-4116-967A-081B0CDBCCC0}.Release|Any CPU.Deploy.0 = Release|Any CPU
		{FA8A636A-9CBF-4116-967A-081B0CDBCCC0}.Release|ARM.ActiveCfg = Release|Any CPU
		{FA8A636A-9CBF-4116-967A-081B0CDBCCC0}.Release|ARM.Build.0 = Release|Any CPU
		{FA8A636A-9CBF-4116-967A-081B0CDBCCC0}.Release|ARM.Deploy.0 = Release|Any CPU
		{FA8A636A-9CBF-4116-967A-081B0CDBCCC0}.Release|iPhone.ActiveCfg = Release|Any CPU
		{FA8A636A-9CBF-4116-967A-081B0CDBCCC0}.Release|iPhone.Build.0 = Release|Any CPU
		{FA8A636A-9CBF-4116-967A-081B0CDBCCC0}.Release|iPhone.Deploy.0 = Release|Any CPU
		{FA8A636A-9CBF-4116-967A-081B0CDBCCC0}.Release|iPhoneSimulator.ActiveCfg = Release|Any CPU
		{FA8A636A-9CBF-4116-967A-081B0CDBCCC0}.Release|iPhoneSimulator.Build.0 = Release|Any CPU
		{FA8A636A-9CBF-4116-967A-081B0CDBCCC0}.Release|iPhoneSimulator.Deploy.0 = Release|Any CPU
		{FA8A636A-9CBF-4116-967A-081B0CDBCCC0}.Release|x64.ActiveCfg = Release|Any CPU
		{FA8A636A-9CBF-4116-967A-081B0CDBCCC0}.Release|x64.Build.0 = Release|Any CPU
		{FA8A636A-9CBF-4116-967A-081B0CDBCCC0}.Release|x64.Deploy.0 = Release|Any CPU
		{FA8A636A-9CBF-4116-967A-081B0CDBCCC0}.Release|x86.ActiveCfg = Release|Any CPU
		{FA8A636A-9CBF-4116-967A-081B0CDBCCC0}.Release|x86.Build.0 = Release|Any CPU
		{FA8A636A-9CBF-4116-967A-081B0CDBCCC0}.Release|x86.Deploy.0 = Release|Any CPU
	EndGlobalSection
	GlobalSection(SolutionProperties) = preSolution
		HideSolutionNode = FALSE
	EndGlobalSection
	GlobalSection(ExtensibilityGlobals) = postSolution
		SolutionGuid = {B3174525-C90D-4C44-A47B-E0C90BF9109B}
	EndGlobalSection
EndGlobal
