
Microsoft Visual Studio Solution File, Format Version 12.00
# Visual Studio 15
VisualStudioVersion = 15.0.28307.960
MinimumVisualStudioVersion = 10.0.40219.1
Project("{FAE04EC0-301F-11D3-BF4B-00C04F79EFBC}") = "App2_Cinemix.Android", "App2_Cinemix\App2_Cinemix.Android\App2_Cinemix.Android.csproj", "{621F700F-C74A-4CBE-B938-566DFE807762}"
EndProject
Project("{FAE04EC0-301F-11D3-BF4B-00C04F79EFBC}") = "App2_Cinemix.iOS", "App2_Cinemix\App2_Cinemix.iOS\App2_Cinemix.iOS.csproj", "{4CE643A6-3659-44EE-84E7-3F51743BA8EA}"
EndProject
Project("{FAE04EC0-301F-11D3-BF4B-00C04F79EFBC}") = "App2_Cinemix.UWP", "App2_Cinemix\App2_Cinemix.UWP\App2_Cinemix.UWP.csproj", "{149ED757-A42B-4C29-AD87-CFC38015B77E}"
EndProject
Project("{FAE04EC0-301F-11D3-BF4B-00C04F79EFBC}") = "App2_Cinemix", "App2_Cinemix\App2_Cinemix\App2_Cinemix.csproj", "{F693953E-3314-47A3-8702-A93FEA6CED97}"
EndProject
Global
	GlobalSection(SolutionConfigurationPlatforms) = preSolution
		Ad-Hoc|Any CPU = Ad-Hoc|Any CPU
		Ad-Hoc|ARM = Ad-Hoc|ARM
		Ad-Hoc|iPhone = Ad-Hoc|iPhone
		Ad-Hoc|iPhoneSimulator = Ad-Hoc|iPhoneSimulator
		Ad-Hoc|x64 = Ad-Hoc|x64
		Ad-Hoc|x86 = Ad-Hoc|x86
		AppStore|Any CPU = AppStore|Any CPU
		AppStore|ARM = AppStore|ARM
		AppStore|iPhone = AppStore|iPhone
		AppStore|iPhoneSimulator = AppStore|iPhoneSimulator
		AppStore|x64 = AppStore|x64
		AppStore|x86 = AppStore|x86
		Debug|Any CPU = Debug|Any CPU
		Debug|ARM = Debug|ARM
		Debug|iPhone = Debug|iPhone
		Debug|iPhoneSimulator = Debug|iPhoneSimulator
		Debug|x64 = Debug|x64
		Debug|x86 = Debug|x86
		Release|Any CPU = Release|Any CPU
		Release|ARM = Release|ARM
		Release|iPhone = Release|iPhone
		Release|iPhoneSimulator = Release|iPhoneSimulator
		Release|x64 = Release|x64
		Release|x86 = Release|x86
	EndGlobalSection
	GlobalSection(ProjectConfigurationPlatforms) = postSolution
		{621F700F-C74A-4CBE-B938-566DFE807762}.Ad-Hoc|Any CPU.ActiveCfg = Release|Any CPU
		{621F700F-C74A-4CBE-B938-566DFE807762}.Ad-Hoc|Any CPU.Build.0 = Release|Any CPU
		{621F700F-C74A-4CBE-B938-566DFE807762}.Ad-Hoc|Any CPU.Deploy.0 = Release|Any CPU
		{621F700F-C74A-4CBE-B938-566DFE807762}.Ad-Hoc|ARM.ActiveCfg = Release|Any CPU
		{621F700F-C74A-4CBE-B938-566DFE807762}.Ad-Hoc|ARM.Build.0 = Release|Any CPU
		{621F700F-C74A-4CBE-B938-566DFE807762}.Ad-Hoc|ARM.Deploy.0 = Release|Any CPU
		{621F700F-C74A-4CBE-B938-566DFE807762}.Ad-Hoc|iPhone.ActiveCfg = Release|Any CPU
		{621F700F-C74A-4CBE-B938-566DFE807762}.Ad-Hoc|iPhone.Build.0 = Release|Any CPU
		{621F700F-C74A-4CBE-B938-566DFE807762}.Ad-Hoc|iPhone.Deploy.0 = Release|Any CPU
		{621F700F-C74A-4CBE-B938-566DFE807762}.Ad-Hoc|iPhoneSimulator.ActiveCfg = Release|Any CPU
		{621F700F-C74A-4CBE-B938-566DFE807762}.Ad-Hoc|iPhoneSimulator.Build.0 = Release|Any CPU
		{621F700F-C74A-4CBE-B938-566DFE807762}.Ad-Hoc|iPhoneSimulator.Deploy.0 = Release|Any CPU
		{621F700F-C74A-4CBE-B938-566DFE807762}.Ad-Hoc|x64.ActiveCfg = Release|Any CPU
		{621F700F-C74A-4CBE-B938-566DFE807762}.Ad-Hoc|x64.Build.0 = Release|Any CPU
		{621F700F-C74A-4CBE-B938-566DFE807762}.Ad-Hoc|x64.Deploy.0 = Release|Any CPU
		{621F700F-C74A-4CBE-B938-566DFE807762}.Ad-Hoc|x86.ActiveCfg = Release|Any CPU
		{621F700F-C74A-4CBE-B938-566DFE807762}.Ad-Hoc|x86.Build.0 = Release|Any CPU
		{621F700F-C74A-4CBE-B938-566DFE807762}.Ad-Hoc|x86.Deploy.0 = Release|Any CPU
		{621F700F-C74A-4CBE-B938-566DFE807762}.AppStore|Any CPU.ActiveCfg = Release|Any CPU
		{621F700F-C74A-4CBE-B938-566DFE807762}.AppStore|Any CPU.Build.0 = Release|Any CPU
		{621F700F-C74A-4CBE-B938-566DFE807762}.AppStore|Any CPU.Deploy.0 = Release|Any CPU
		{621F700F-C74A-4CBE-B938-566DFE807762}.AppStore|ARM.ActiveCfg = Release|Any CPU
		{621F700F-C74A-4CBE-B938-566DFE807762}.AppStore|ARM.Build.0 = Release|Any CPU
		{621F700F-C74A-4CBE-B938-566DFE807762}.AppStore|ARM.Deploy.0 = Release|Any CPU
		{621F700F-C74A-4CBE-B938-566DFE807762}.AppStore|iPhone.ActiveCfg = Release|Any CPU
		{621F700F-C74A-4CBE-B938-566DFE807762}.AppStore|iPhone.Build.0 = Release|Any CPU
		{621F700F-C74A-4CBE-B938-566DFE807762}.AppStore|iPhone.Deploy.0 = Release|Any CPU
		{621F700F-C74A-4CBE-B938-566DFE807762}.AppStore|iPhoneSimulator.ActiveCfg = Release|Any CPU
		{621F700F-C74A-4CBE-B938-566DFE807762}.AppStore|iPhoneSimulator.Build.0 = Release|Any CPU
		{621F700F-C74A-4CBE-B938-566DFE807762}.AppStore|iPhoneSimulator.Deploy.0 = Release|Any CPU
		{621F700F-C74A-4CBE-B938-566DFE807762}.AppStore|x64.ActiveCfg = Release|Any CPU
		{621F700F-C74A-4CBE-B938-566DFE807762}.AppStore|x64.Build.0 = Release|Any CPU
		{621F700F-C74A-4CBE-B938-566DFE807762}.AppStore|x64.Deploy.0 = Release|Any CPU
		{621F700F-C74A-4CBE-B938-566DFE807762}.AppStore|x86.ActiveCfg = Release|Any CPU
		{621F700F-C74A-4CBE-B938-566DFE807762}.AppStore|x86.Build.0 = Release|Any CPU
		{621F700F-C74A-4CBE-B938-566DFE807762}.AppStore|x86.Deploy.0 = Release|Any CPU
		{621F700F-C74A-4CBE-B938-566DFE807762}.Debug|Any CPU.ActiveCfg = Debug|Any CPU
		{621F700F-C74A-4CBE-B938-566DFE807762}.Debug|Any CPU.Build.0 = Debug|Any CPU
		{621F700F-C74A-4CBE-B938-566DFE807762}.Debug|Any CPU.Deploy.0 = Debug|Any CPU
		{621F700F-C74A-4CBE-B938-566DFE807762}.Debug|ARM.ActiveCfg = Debug|Any CPU
		{621F700F-C74A-4CBE-B938-566DFE807762}.Debug|ARM.Build.0 = Debug|Any CPU
		{621F700F-C74A-4CBE-B938-566DFE807762}.Debug|ARM.Deploy.0 = Debug|Any CPU
		{621F700F-C74A-4CBE-B938-566DFE807762}.Debug|iPhone.ActiveCfg = Debug|Any CPU
		{621F700F-C74A-4CBE-B938-566DFE807762}.Debug|iPhone.Build.0 = Debug|Any CPU
		{621F700F-C74A-4CBE-B938-566DFE807762}.Debug|iPhone.Deploy.0 = Debug|Any CPU
		{621F700F-C74A-4CBE-B938-566DFE807762}.Debug|iPhoneSimulator.ActiveCfg = Debug|Any CPU
		{621F700F-C74A-4CBE-B938-566DFE807762}.Debug|iPhoneSimulator.Build.0 = Debug|Any CPU
		{621F700F-C74A-4CBE-B938-566DFE807762}.Debug|iPhoneSimulator.Deploy.0 = Debug|Any CPU
		{621F700F-C74A-4CBE-B938-566DFE807762}.Debug|x64.ActiveCfg = Debug|Any CPU
		{621F700F-C74A-4CBE-B938-566DFE807762}.Debug|x64.Build.0 = Debug|Any CPU
		{621F700F-C74A-4CBE-B938-566DFE807762}.Debug|x64.Deploy.0 = Debug|Any CPU
		{621F700F-C74A-4CBE-B938-566DFE807762}.Debug|x86.ActiveCfg = Debug|Any CPU
		{621F700F-C74A-4CBE-B938-566DFE807762}.Debug|x86.Build.0 = Debug|Any CPU
		{621F700F-C74A-4CBE-B938-566DFE807762}.Debug|x86.Deploy.0 = Debug|Any CPU
		{621F700F-C74A-4CBE-B938-566DFE807762}.Release|Any CPU.ActiveCfg = Release|Any CPU
		{621F700F-C74A-4CBE-B938-566DFE807762}.Release|Any CPU.Build.0 = Release|Any CPU
		{621F700F-C74A-4CBE-B938-566DFE807762}.Release|Any CPU.Deploy.0 = Release|Any CPU
		{621F700F-C74A-4CBE-B938-566DFE807762}.Release|ARM.ActiveCfg = Release|Any CPU
		{621F700F-C74A-4CBE-B938-566DFE807762}.Release|ARM.Build.0 = Release|Any CPU
		{621F700F-C74A-4CBE-B938-566DFE807762}.Release|ARM.Deploy.0 = Release|Any CPU
		{621F700F-C74A-4CBE-B938-566DFE807762}.Release|iPhone.ActiveCfg = Release|Any CPU
		{621F700F-C74A-4CBE-B938-566DFE807762}.Release|iPhone.Build.0 = Release|Any CPU
		{621F700F-C74A-4CBE-B938-566DFE807762}.Release|iPhone.Deploy.0 = Release|Any CPU
		{621F700F-C74A-4CBE-B938-566DFE807762}.Release|iPhoneSimulator.ActiveCfg = Release|Any CPU
		{621F700F-C74A-4CBE-B938-566DFE807762}.Release|iPhoneSimulator.Build.0 = Release|Any CPU
		{621F700F-C74A-4CBE-B938-566DFE807762}.Release|iPhoneSimulator.Deploy.0 = Release|Any CPU
		{621F700F-C74A-4CBE-B938-566DFE807762}.Release|x64.ActiveCfg = Release|Any CPU
		{621F700F-C74A-4CBE-B938-566DFE807762}.Release|x64.Build.0 = Release|Any CPU
		{621F700F-C74A-4CBE-B938-566DFE807762}.Release|x64.Deploy.0 = Release|Any CPU
		{621F700F-C74A-4CBE-B938-566DFE807762}.Release|x86.ActiveCfg = Release|Any CPU
		{621F700F-C74A-4CBE-B938-566DFE807762}.Release|x86.Build.0 = Release|Any CPU
		{621F700F-C74A-4CBE-B938-566DFE807762}.Release|x86.Deploy.0 = Release|Any CPU
		{4CE643A6-3659-44EE-84E7-3F51743BA8EA}.Ad-Hoc|Any CPU.ActiveCfg = Ad-Hoc|iPhone
		{4CE643A6-3659-44EE-84E7-3F51743BA8EA}.Ad-Hoc|Any CPU.Build.0 = Ad-Hoc|iPhone
		{4CE643A6-3659-44EE-84E7-3F51743BA8EA}.Ad-Hoc|Any CPU.Deploy.0 = Ad-Hoc|iPhone
		{4CE643A6-3659-44EE-84E7-3F51743BA8EA}.Ad-Hoc|ARM.ActiveCfg = Ad-Hoc|iPhone
		{4CE643A6-3659-44EE-84E7-3F51743BA8EA}.Ad-Hoc|ARM.Build.0 = Ad-Hoc|iPhone
		{4CE643A6-3659-44EE-84E7-3F51743BA8EA}.Ad-Hoc|ARM.Deploy.0 = Ad-Hoc|iPhone
		{4CE643A6-3659-44EE-84E7-3F51743BA8EA}.Ad-Hoc|iPhone.ActiveCfg = Ad-Hoc|iPhone
		{4CE643A6-3659-44EE-84E7-3F51743BA8EA}.Ad-Hoc|iPhone.Build.0 = Ad-Hoc|iPhone
		{4CE643A6-3659-44EE-84E7-3F51743BA8EA}.Ad-Hoc|iPhone.Deploy.0 = Ad-Hoc|iPhone
		{4CE643A6-3659-44EE-84E7-3F51743BA8EA}.Ad-Hoc|iPhoneSimulator.ActiveCfg = Ad-Hoc|iPhoneSimulator
		{4CE643A6-3659-44EE-84E7-3F51743BA8EA}.Ad-Hoc|iPhoneSimulator.Build.0 = Ad-Hoc|iPhoneSimulator
		{4CE643A6-3659-44EE-84E7-3F51743BA8EA}.Ad-Hoc|iPhoneSimulator.Deploy.0 = Ad-Hoc|iPhoneSimulator
		{4CE643A6-3659-44EE-84E7-3F51743BA8EA}.Ad-Hoc|x64.ActiveCfg = Ad-Hoc|iPhone
		{4CE643A6-3659-44EE-84E7-3F51743BA8EA}.Ad-Hoc|x64.Build.0 = Ad-Hoc|iPhone
		{4CE643A6-3659-44EE-84E7-3F51743BA8EA}.Ad-Hoc|x64.Deploy.0 = Ad-Hoc|iPhone
		{4CE643A6-3659-44EE-84E7-3F51743BA8EA}.Ad-Hoc|x86.ActiveCfg = Ad-Hoc|iPhone
		{4CE643A6-3659-44EE-84E7-3F51743BA8EA}.Ad-Hoc|x86.Build.0 = Ad-Hoc|iPhone
		{4CE643A6-3659-44EE-84E7-3F51743BA8EA}.Ad-Hoc|x86.Deploy.0 = Ad-Hoc|iPhone
		{4CE643A6-3659-44EE-84E7-3F51743BA8EA}.AppStore|Any CPU.ActiveCfg = AppStore|iPhone
		{4CE643A6-3659-44EE-84E7-3F51743BA8EA}.AppStore|Any CPU.Build.0 = AppStore|iPhone
		{4CE643A6-3659-44EE-84E7-3F51743BA8EA}.AppStore|Any CPU.Deploy.0 = AppStore|iPhone
		{4CE643A6-3659-44EE-84E7-3F51743BA8EA}.AppStore|ARM.ActiveCfg = AppStore|iPhone
		{4CE643A6-3659-44EE-84E7-3F51743BA8EA}.AppStore|ARM.Build.0 = AppStore|iPhone
		{4CE643A6-3659-44EE-84E7-3F51743BA8EA}.AppStore|ARM.Deploy.0 = AppStore|iPhone
		{4CE643A6-3659-44EE-84E7-3F51743BA8EA}.AppStore|iPhone.ActiveCfg = AppStore|iPhone
		{4CE643A6-3659-44EE-84E7-3F51743BA8EA}.AppStore|iPhone.Build.0 = AppStore|iPhone
		{4CE643A6-3659-44EE-84E7-3F51743BA8EA}.AppStore|iPhone.Deploy.0 = AppStore|iPhone
		{4CE643A6-3659-44EE-84E7-3F51743BA8EA}.AppStore|iPhoneSimulator.ActiveCfg = AppStore|iPhoneSimulator
		{4CE643A6-3659-44EE-84E7-3F51743BA8EA}.AppStore|iPhoneSimulator.Build.0 = AppStore|iPhoneSimulator
		{4CE643A6-3659-44EE-84E7-3F51743BA8EA}.AppStore|iPhoneSimulator.Deploy.0 = AppStore|iPhoneSimulator
		{4CE643A6-3659-44EE-84E7-3F51743BA8EA}.AppStore|x64.ActiveCfg = AppStore|iPhone
		{4CE643A6-3659-44EE-84E7-3F51743BA8EA}.AppStore|x64.Build.0 = AppStore|iPhone
		{4CE643A6-3659-44EE-84E7-3F51743BA8EA}.AppStore|x64.Deploy.0 = AppStore|iPhone
		{4CE643A6-3659-44EE-84E7-3F51743BA8EA}.AppStore|x86.ActiveCfg = AppStore|iPhone
		{4CE643A6-3659-44EE-84E7-3F51743BA8EA}.AppStore|x86.Build.0 = AppStore|iPhone
		{4CE643A6-3659-44EE-84E7-3F51743BA8EA}.AppStore|x86.Deploy.0 = AppStore|iPhone
		{4CE643A6-3659-44EE-84E7-3F51743BA8EA}.Debug|Any CPU.ActiveCfg = Debug|iPhoneSimulator
		{4CE643A6-3659-44EE-84E7-3F51743BA8EA}.Debug|Any CPU.Build.0 = Debug|iPhoneSimulator
		{4CE643A6-3659-44EE-84E7-3F51743BA8EA}.Debug|Any CPU.Deploy.0 = Debug|iPhoneSimulator
		{4CE643A6-3659-44EE-84E7-3F51743BA8EA}.Debug|ARM.ActiveCfg = Debug|iPhone
		{4CE643A6-3659-44EE-84E7-3F51743BA8EA}.Debug|ARM.Build.0 = Debug|iPhone
		{4CE643A6-3659-44EE-84E7-3F51743BA8EA}.Debug|ARM.Deploy.0 = Debug|iPhone
		{4CE643A6-3659-44EE-84E7-3F51743BA8EA}.Debug|iPhone.ActiveCfg = Debug|iPhone
		{4CE643A6-3659-44EE-84E7-3F51743BA8EA}.Debug|iPhone.Build.0 = Debug|iPhone
		{4CE643A6-3659-44EE-84E7-3F51743BA8EA}.Debug|iPhone.Deploy.0 = Debug|iPhone
		{4CE643A6-3659-44EE-84E7-3F51743BA8EA}.Debug|iPhoneSimulator.ActiveCfg = Debug|iPhoneSimulator
		{4CE643A6-3659-44EE-84E7-3F51743BA8EA}.Debug|iPhoneSimulator.Build.0 = Debug|iPhoneSimulator
		{4CE643A6-3659-44EE-84E7-3F51743BA8EA}.Debug|iPhoneSimulator.Deploy.0 = Debug|iPhoneSimulator
		{4CE643A6-3659-44EE-84E7-3F51743BA8EA}.Debug|x64.ActiveCfg = Debug|iPhone
		{4CE643A6-3659-44EE-84E7-3F51743BA8EA}.Debug|x64.Build.0 = Debug|iPhone
		{4CE643A6-3659-44EE-84E7-3F51743BA8EA}.Debug|x64.Deploy.0 = Debug|iPhone
		{4CE643A6-3659-44EE-84E7-3F51743BA8EA}.Debug|x86.ActiveCfg = Debug|iPhone
		{4CE643A6-3659-44EE-84E7-3F51743BA8EA}.Debug|x86.Build.0 = Debug|iPhone
		{4CE643A6-3659-44EE-84E7-3F51743BA8EA}.Debug|x86.Deploy.0 = Debug|iPhone
		{4CE643A6-3659-44EE-84E7-3F51743BA8EA}.Release|Any CPU.ActiveCfg = Release|iPhone
		{4CE643A6-3659-44EE-84E7-3F51743BA8EA}.Release|Any CPU.Build.0 = Release|iPhone
		{4CE643A6-3659-44EE-84E7-3F51743BA8EA}.Release|Any CPU.Deploy.0 = Release|iPhone
		{4CE643A6-3659-44EE-84E7-3F51743BA8EA}.Release|ARM.ActiveCfg = Release|iPhone
		{4CE643A6-3659-44EE-84E7-3F51743BA8EA}.Release|ARM.Build.0 = Release|iPhone
		{4CE643A6-3659-44EE-84E7-3F51743BA8EA}.Release|ARM.Deploy.0 = Release|iPhone
		{4CE643A6-3659-44EE-84E7-3F51743BA8EA}.Release|iPhone.ActiveCfg = Release|iPhone
		{4CE643A6-3659-44EE-84E7-3F51743BA8EA}.Release|iPhone.Build.0 = Release|iPhone
		{4CE643A6-3659-44EE-84E7-3F51743BA8EA}.Release|iPhone.Deploy.0 = Release|iPhone
		{4CE643A6-3659-44EE-84E7-3F51743BA8EA}.Release|iPhoneSimulator.ActiveCfg = Release|iPhoneSimulator
		{4CE643A6-3659-44EE-84E7-3F51743BA8EA}.Release|iPhoneSimulator.Build.0 = Release|iPhoneSimulator
		{4CE643A6-3659-44EE-84E7-3F51743BA8EA}.Release|iPhoneSimulator.Deploy.0 = Release|iPhoneSimulator
		{4CE643A6-3659-44EE-84E7-3F51743BA8EA}.Release|x64.ActiveCfg = Release|iPhone
		{4CE643A6-3659-44EE-84E7-3F51743BA8EA}.Release|x64.Build.0 = Release|iPhone
		{4CE643A6-3659-44EE-84E7-3F51743BA8EA}.Release|x64.Deploy.0 = Release|iPhone
		{4CE643A6-3659-44EE-84E7-3F51743BA8EA}.Release|x86.ActiveCfg = Release|iPhone
		{4CE643A6-3659-44EE-84E7-3F51743BA8EA}.Release|x86.Build.0 = Release|iPhone
		{4CE643A6-3659-44EE-84E7-3F51743BA8EA}.Release|x86.Deploy.0 = Release|iPhone
		{149ED757-A42B-4C29-AD87-CFC38015B77E}.Ad-Hoc|Any CPU.ActiveCfg = Release|x86
		{149ED757-A42B-4C29-AD87-CFC38015B77E}.Ad-Hoc|Any CPU.Build.0 = Release|x86
		{149ED757-A42B-4C29-AD87-CFC38015B77E}.Ad-Hoc|Any CPU.Deploy.0 = Release|x86
		{149ED757-A42B-4C29-AD87-CFC38015B77E}.Ad-Hoc|ARM.ActiveCfg = Release|ARM
		{149ED757-A42B-4C29-AD87-CFC38015B77E}.Ad-Hoc|ARM.Build.0 = Release|ARM
		{149ED757-A42B-4C29-AD87-CFC38015B77E}.Ad-Hoc|ARM.Deploy.0 = Release|ARM
		{149ED757-A42B-4C29-AD87-CFC38015B77E}.Ad-Hoc|iPhone.ActiveCfg = Release|x86
		{149ED757-A42B-4C29-AD87-CFC38015B77E}.Ad-Hoc|iPhone.Build.0 = Release|x86
		{149ED757-A42B-4C29-AD87-CFC38015B77E}.Ad-Hoc|iPhone.Deploy.0 = Release|x86
		{149ED757-A42B-4C29-AD87-CFC38015B77E}.Ad-Hoc|iPhoneSimulator.ActiveCfg = Release|x86
		{149ED757-A42B-4C29-AD87-CFC38015B77E}.Ad-Hoc|iPhoneSimulator.Build.0 = Release|x86
		{149ED757-A42B-4C29-AD87-CFC38015B77E}.Ad-Hoc|iPhoneSimulator.Deploy.0 = Release|x86
		{149ED757-A42B-4C29-AD87-CFC38015B77E}.Ad-Hoc|x64.ActiveCfg = Release|x64
		{149ED757-A42B-4C29-AD87-CFC38015B77E}.Ad-Hoc|x64.Build.0 = Release|x64
		{149ED757-A42B-4C29-AD87-CFC38015B77E}.Ad-Hoc|x64.Deploy.0 = Release|x64
		{149ED757-A42B-4C29-AD87-CFC38015B77E}.Ad-Hoc|x86.ActiveCfg = Release|x86
		{149ED757-A42B-4C29-AD87-CFC38015B77E}.Ad-Hoc|x86.Build.0 = Release|x86
		{149ED757-A42B-4C29-AD87-CFC38015B77E}.Ad-Hoc|x86.Deploy.0 = Release|x86
		{149ED757-A42B-4C29-AD87-CFC38015B77E}.AppStore|Any CPU.ActiveCfg = Release|x86
		{149ED757-A42B-4C29-AD87-CFC38015B77E}.AppStore|Any CPU.Build.0 = Release|x86
		{149ED757-A42B-4C29-AD87-CFC38015B77E}.AppStore|Any CPU.Deploy.0 = Release|x86
		{149ED757-A42B-4C29-AD87-CFC38015B77E}.AppStore|ARM.ActiveCfg = Release|ARM
		{149ED757-A42B-4C29-AD87-CFC38015B77E}.AppStore|ARM.Build.0 = Release|ARM
		{149ED757-A42B-4C29-AD87-CFC38015B77E}.AppStore|ARM.Deploy.0 = Release|ARM
		{149ED757-A42B-4C29-AD87-CFC38015B77E}.AppStore|iPhone.ActiveCfg = Release|x86
		{149ED757-A42B-4C29-AD87-CFC38015B77E}.AppStore|iPhone.Build.0 = Release|x86
		{149ED757-A42B-4C29-AD87-CFC38015B77E}.AppStore|iPhone.Deploy.0 = Release|x86
		{149ED757-A42B-4C29-AD87-CFC38015B77E}.AppStore|iPhoneSimulator.ActiveCfg = Release|x86
		{149ED757-A42B-4C29-AD87-CFC38015B77E}.AppStore|iPhoneSimulator.Build.0 = Release|x86
		{149ED757-A42B-4C29-AD87-CFC38015B77E}.AppStore|iPhoneSimulator.Deploy.0 = Release|x86
		{149ED757-A42B-4C29-AD87-CFC38015B77E}.AppStore|x64.ActiveCfg = Release|x64
		{149ED757-A42B-4C29-AD87-CFC38015B77E}.AppStore|x64.Build.0 = Release|x64
		{149ED757-A42B-4C29-AD87-CFC38015B77E}.AppStore|x64.Deploy.0 = Release|x64
		{149ED757-A42B-4C29-AD87-CFC38015B77E}.AppStore|x86.ActiveCfg = Release|x86
		{149ED757-A42B-4C29-AD87-CFC38015B77E}.AppStore|x86.Build.0 = Release|x86
		{149ED757-A42B-4C29-AD87-CFC38015B77E}.AppStore|x86.Deploy.0 = Release|x86
		{149ED757-A42B-4C29-AD87-CFC38015B77E}.Debug|Any CPU.ActiveCfg = Debug|x86
		{149ED757-A42B-4C29-AD87-CFC38015B77E}.Debug|Any CPU.Build.0 = Debug|x86
		{149ED757-A42B-4C29-AD87-CFC38015B77E}.Debug|Any CPU.Deploy.0 = Debug|x86
		{149ED757-A42B-4C29-AD87-CFC38015B77E}.Debug|ARM.ActiveCfg = Debug|ARM
		{149ED757-A42B-4C29-AD87-CFC38015B77E}.Debug|ARM.Build.0 = Debug|ARM
		{149ED757-A42B-4C29-AD87-CFC38015B77E}.Debug|ARM.Deploy.0 = Debug|ARM
		{149ED757-A42B-4C29-AD87-CFC38015B77E}.Debug|iPhone.ActiveCfg = Debug|x86
		{149ED757-A42B-4C29-AD87-CFC38015B77E}.Debug|iPhone.Build.0 = Debug|x86
		{149ED757-A42B-4C29-AD87-CFC38015B77E}.Debug|iPhone.Deploy.0 = Debug|x86
		{149ED757-A42B-4C29-AD87-CFC38015B77E}.Debug|iPhoneSimulator.ActiveCfg = Debug|x86
		{149ED757-A42B-4C29-AD87-CFC38015B77E}.Debug|iPhoneSimulator.Build.0 = Debug|x86
		{149ED757-A42B-4C29-AD87-CFC38015B77E}.Debug|iPhoneSimulator.Deploy.0 = Debug|x86
		{149ED757-A42B-4C29-AD87-CFC38015B77E}.Debug|x64.ActiveCfg = Debug|x64
		{149ED757-A42B-4C29-AD87-CFC38015B77E}.Debug|x64.Build.0 = Debug|x64
		{149ED757-A42B-4C29-AD87-CFC38015B77E}.Debug|x64.Deploy.0 = Debug|x64
		{149ED757-A42B-4C29-AD87-CFC38015B77E}.Debug|x86.ActiveCfg = Debug|x86
		{149ED757-A42B-4C29-AD87-CFC38015B77E}.Debug|x86.Build.0 = Debug|x86
		{149ED757-A42B-4C29-AD87-CFC38015B77E}.Debug|x86.Deploy.0 = Debug|x86
		{149ED757-A42B-4C29-AD87-CFC38015B77E}.Release|Any CPU.ActiveCfg = Release|x86
		{149ED757-A42B-4C29-AD87-CFC38015B77E}.Release|Any CPU.Build.0 = Release|x86
		{149ED757-A42B-4C29-AD87-CFC38015B77E}.Release|Any CPU.Deploy.0 = Release|x86
		{149ED757-A42B-4C29-AD87-CFC38015B77E}.Release|ARM.ActiveCfg = Release|ARM
		{149ED757-A42B-4C29-AD87-CFC38015B77E}.Release|ARM.Build.0 = Release|ARM
		{149ED757-A42B-4C29-AD87-CFC38015B77E}.Release|ARM.Deploy.0 = Release|ARM
		{149ED757-A42B-4C29-AD87-CFC38015B77E}.Release|iPhone.ActiveCfg = Release|x86
		{149ED757-A42B-4C29-AD87-CFC38015B77E}.Release|iPhone.Build.0 = Release|x86
		{149ED757-A42B-4C29-AD87-CFC38015B77E}.Release|iPhone.Deploy.0 = Release|x86
		{149ED757-A42B-4C29-AD87-CFC38015B77E}.Release|iPhoneSimulator.ActiveCfg = Release|x86
		{149ED757-A42B-4C29-AD87-CFC38015B77E}.Release|iPhoneSimulator.Build.0 = Release|x86
		{149ED757-A42B-4C29-AD87-CFC38015B77E}.Release|iPhoneSimulator.Deploy.0 = Release|x86
		{149ED757-A42B-4C29-AD87-CFC38015B77E}.Release|x64.ActiveCfg = Release|x64
		{149ED757-A42B-4C29-AD87-CFC38015B77E}.Release|x64.Build.0 = Release|x64
		{149ED757-A42B-4C29-AD87-CFC38015B77E}.Release|x64.Deploy.0 = Release|x64
		{149ED757-A42B-4C29-AD87-CFC38015B77E}.Release|x86.ActiveCfg = Release|x86
		{149ED757-A42B-4C29-AD87-CFC38015B77E}.Release|x86.Build.0 = Release|x86
		{149ED757-A42B-4C29-AD87-CFC38015B77E}.Release|x86.Deploy.0 = Release|x86
		{F693953E-3314-47A3-8702-A93FEA6CED97}.Ad-Hoc|Any CPU.ActiveCfg = Debug|Any CPU
		{F693953E-3314-47A3-8702-A93FEA6CED97}.Ad-Hoc|Any CPU.Build.0 = Debug|Any CPU
		{F693953E-3314-47A3-8702-A93FEA6CED97}.Ad-Hoc|Any CPU.Deploy.0 = Debug|Any CPU
		{F693953E-3314-47A3-8702-A93FEA6CED97}.Ad-Hoc|ARM.ActiveCfg = Debug|Any CPU
		{F693953E-3314-47A3-8702-A93FEA6CED97}.Ad-Hoc|ARM.Build.0 = Debug|Any CPU
		{F693953E-3314-47A3-8702-A93FEA6CED97}.Ad-Hoc|ARM.Deploy.0 = Debug|Any CPU
		{F693953E-3314-47A3-8702-A93FEA6CED97}.Ad-Hoc|iPhone.ActiveCfg = Debug|Any CPU
		{F693953E-3314-47A3-8702-A93FEA6CED97}.Ad-Hoc|iPhone.Build.0 = Debug|Any CPU
		{F693953E-3314-47A3-8702-A93FEA6CED97}.Ad-Hoc|iPhone.Deploy.0 = Debug|Any CPU
		{F693953E-3314-47A3-8702-A93FEA6CED97}.Ad-Hoc|iPhoneSimulator.ActiveCfg = Debug|Any CPU
		{F693953E-3314-47A3-8702-A93FEA6CED97}.Ad-Hoc|iPhoneSimulator.Build.0 = Debug|Any CPU
		{F693953E-3314-47A3-8702-A93FEA6CED97}.Ad-Hoc|iPhoneSimulator.Deploy.0 = Debug|Any CPU
		{F693953E-3314-47A3-8702-A93FEA6CED97}.Ad-Hoc|x64.ActiveCfg = Debug|Any CPU
		{F693953E-3314-47A3-8702-A93FEA6CED97}.Ad-Hoc|x64.Build.0 = Debug|Any CPU
		{F693953E-3314-47A3-8702-A93FEA6CED97}.Ad-Hoc|x64.Deploy.0 = Debug|Any CPU
		{F693953E-3314-47A3-8702-A93FEA6CED97}.Ad-Hoc|x86.ActiveCfg = Debug|Any CPU
		{F693953E-3314-47A3-8702-A93FEA6CED97}.Ad-Hoc|x86.Build.0 = Debug|Any CPU
		{F693953E-3314-47A3-8702-A93FEA6CED97}.Ad-Hoc|x86.Deploy.0 = Debug|Any CPU
		{F693953E-3314-47A3-8702-A93FEA6CED97}.AppStore|Any CPU.ActiveCfg = Debug|Any CPU
		{F693953E-3314-47A3-8702-A93FEA6CED97}.AppStore|Any CPU.Build.0 = Debug|Any CPU
		{F693953E-3314-47A3-8702-A93FEA6CED97}.AppStore|Any CPU.Deploy.0 = Debug|Any CPU
		{F693953E-3314-47A3-8702-A93FEA6CED97}.AppStore|ARM.ActiveCfg = Debug|Any CPU
		{F693953E-3314-47A3-8702-A93FEA6CED97}.AppStore|ARM.Build.0 = Debug|Any CPU
		{F693953E-3314-47A3-8702-A93FEA6CED97}.AppStore|ARM.Deploy.0 = Debug|Any CPU
		{F693953E-3314-47A3-8702-A93FEA6CED97}.AppStore|iPhone.ActiveCfg = Debug|Any CPU
		{F693953E-3314-47A3-8702-A93FEA6CED97}.AppStore|iPhone.Build.0 = Debug|Any CPU
		{F693953E-3314-47A3-8702-A93FEA6CED97}.AppStore|iPhone.Deploy.0 = Debug|Any CPU
		{F693953E-3314-47A3-8702-A93FEA6CED97}.AppStore|iPhoneSimulator.ActiveCfg = Debug|Any CPU
		{F693953E-3314-47A3-8702-A93FEA6CED97}.AppStore|iPhoneSimulator.Build.0 = Debug|Any CPU
		{F693953E-3314-47A3-8702-A93FEA6CED97}.AppStore|iPhoneSimulator.Deploy.0 = Debug|Any CPU
		{F693953E-3314-47A3-8702-A93FEA6CED97}.AppStore|x64.ActiveCfg = Debug|Any CPU
		{F693953E-3314-47A3-8702-A93FEA6CED97}.AppStore|x64.Build.0 = Debug|Any CPU
		{F693953E-3314-47A3-8702-A93FEA6CED97}.AppStore|x64.Deploy.0 = Debug|Any CPU
		{F693953E-3314-47A3-8702-A93FEA6CED97}.AppStore|x86.ActiveCfg = Debug|Any CPU
		{F693953E-3314-47A3-8702-A93FEA6CED97}.AppStore|x86.Build.0 = Debug|Any CPU
		{F693953E-3314-47A3-8702-A93FEA6CED97}.AppStore|x86.Deploy.0 = Debug|Any CPU
		{F693953E-3314-47A3-8702-A93FEA6CED97}.Debug|Any CPU.ActiveCfg = Debug|Any CPU
		{F693953E-3314-47A3-8702-A93FEA6CED97}.Debug|Any CPU.Build.0 = Debug|Any CPU
		{F693953E-3314-47A3-8702-A93FEA6CED97}.Debug|Any CPU.Deploy.0 = Debug|Any CPU
		{F693953E-3314-47A3-8702-A93FEA6CED97}.Debug|ARM.ActiveCfg = Debug|Any CPU
		{F693953E-3314-47A3-8702-A93FEA6CED97}.Debug|ARM.Build.0 = Debug|Any CPU
		{F693953E-3314-47A3-8702-A93FEA6CED97}.Debug|ARM.Deploy.0 = Debug|Any CPU
		{F693953E-3314-47A3-8702-A93FEA6CED97}.Debug|iPhone.ActiveCfg = Debug|Any CPU
		{F693953E-3314-47A3-8702-A93FEA6CED97}.Debug|iPhone.Build.0 = Debug|Any CPU
		{F693953E-3314-47A3-8702-A93FEA6CED97}.Debug|iPhone.Deploy.0 = Debug|Any CPU
		{F693953E-3314-47A3-8702-A93FEA6CED97}.Debug|iPhoneSimulator.ActiveCfg = Debug|Any CPU
		{F693953E-3314-47A3-8702-A93FEA6CED97}.Debug|iPhoneSimulator.Build.0 = Debug|Any CPU
		{F693953E-3314-47A3-8702-A93FEA6CED97}.Debug|iPhoneSimulator.Deploy.0 = Debug|Any CPU
		{F693953E-3314-47A3-8702-A93FEA6CED97}.Debug|x64.ActiveCfg = Debug|Any CPU
		{F693953E-3314-47A3-8702-A93FEA6CED97}.Debug|x64.Build.0 = Debug|Any CPU
		{F693953E-3314-47A3-8702-A93FEA6CED97}.Debug|x64.Deploy.0 = Debug|Any CPU
		{F693953E-3314-47A3-8702-A93FEA6CED97}.Debug|x86.ActiveCfg = Debug|Any CPU
		{F693953E-3314-47A3-8702-A93FEA6CED97}.Debug|x86.Build.0 = Debug|Any CPU
		{F693953E-3314-47A3-8702-A93FEA6CED97}.Debug|x86.Deploy.0 = Debug|Any CPU
		{F693953E-3314-47A3-8702-A93FEA6CED97}.Release|Any CPU.ActiveCfg = Release|Any CPU
		{F693953E-3314-47A3-8702-A93FEA6CED97}.Release|Any CPU.Build.0 = Release|Any CPU
		{F693953E-3314-47A3-8702-A93FEA6CED97}.Release|Any CPU.Deploy.0 = Release|Any CPU
		{F693953E-3314-47A3-8702-A93FEA6CED97}.Release|ARM.ActiveCfg = Release|Any CPU
		{F693953E-3314-47A3-8702-A93FEA6CED97}.Release|ARM.Build.0 = Release|Any CPU
		{F693953E-3314-47A3-8702-A93FEA6CED97}.Release|ARM.Deploy.0 = Release|Any CPU
		{F693953E-3314-47A3-8702-A93FEA6CED97}.Release|iPhone.ActiveCfg = Release|Any CPU
		{F693953E-3314-47A3-8702-A93FEA6CED97}.Release|iPhone.Build.0 = Release|Any CPU
		{F693953E-3314-47A3-8702-A93FEA6CED97}.Release|iPhone.Deploy.0 = Release|Any CPU
		{F693953E-3314-47A3-8702-A93FEA6CED97}.Release|iPhoneSimulator.ActiveCfg = Release|Any CPU
		{F693953E-3314-47A3-8702-A93FEA6CED97}.Release|iPhoneSimulator.Build.0 = Release|Any CPU
		{F693953E-3314-47A3-8702-A93FEA6CED97}.Release|iPhoneSimulator.Deploy.0 = Release|Any CPU
		{F693953E-3314-47A3-8702-A93FEA6CED97}.Release|x64.ActiveCfg = Release|Any CPU
		{F693953E-3314-47A3-8702-A93FEA6CED97}.Release|x64.Build.0 = Release|Any CPU
		{F693953E-3314-47A3-8702-A93FEA6CED97}.Release|x64.Deploy.0 = Release|Any CPU
		{F693953E-3314-47A3-8702-A93FEA6CED97}.Release|x86.ActiveCfg = Release|Any CPU
		{F693953E-3314-47A3-8702-A93FEA6CED97}.Release|x86.Build.0 = Release|Any CPU
		{F693953E-3314-47A3-8702-A93FEA6CED97}.Release|x86.Deploy.0 = Release|Any CPU
	EndGlobalSection
	GlobalSection(SolutionProperties) = preSolution
		HideSolutionNode = FALSE
	EndGlobalSection
	GlobalSection(ExtensibilityGlobals) = postSolution
		SolutionGuid = {B9F5C146-AC15-49E4-9AD5-5AB37A1E9B12}
	EndGlobalSection
EndGlobal
